
Microsoft Visual Studio Solution File, Format Version 12.00
# TcXaeShell Solution File, Format Version 11.00
VisualStudioVersion = 15.0.35116.124
MinimumVisualStudioVersion = 10.0.40219.1
Project("{B1E792BE-AA5F-4E3C-8C82-674BF9C0715B}") = "LWLine", "LWLine.tsproj", "{47A695EF-D762-4449-A557-69A8CDE38A13}"
EndProject
Project("{23D6B0B7-CBAA-4070-A2AF-F2FCE2506A3D}") = "TwinCAT Drive Manager 2 Project1", "..\TwinCAT Drive Manager 2 Project1\TwinCAT Drive Manager 2 Project1.tcdmproj", "{9B39333C-C5CE-40C7-BEAF-06377D74ACB6}"
EndProject
Project("{FD9F1D59-E000-42F3-8744-88DE1BE93C06}") = "TwinCAT Measurement Project1", "TwinCAT Measurement Project1\TwinCAT Measurement Project1.tcmproj", "{9DFAA274-55DC-4DF3-99B0-3B559642C16B}"
EndProject
Global
	GlobalSection(SolutionConfigurationPlatforms) = preSolution
		Debug|TwinCAT CE7 (ARMV7) = Debug|TwinCAT CE7 (ARMV7)
		Debug|TwinCAT OS (ARMT2) = Debug|TwinCAT OS (ARMT2)
		Debug|TwinCAT OS (x64) = Debug|TwinCAT OS (x64)
		Debug|TwinCAT RT (x64) = Debug|TwinCAT RT (x64)
		Debug|TwinCAT RT (x86) = Debug|TwinCAT RT (x86)
		Release|TwinCAT CE7 (ARMV7) = Release|TwinCAT CE7 (ARMV7)
		Release|TwinCAT OS (ARMT2) = Release|TwinCAT OS (ARMT2)
		Release|TwinCAT OS (x64) = Release|TwinCAT OS (x64)
		Release|TwinCAT RT (x64) = Release|TwinCAT RT (x64)
		Release|TwinCAT RT (x86) = Release|TwinCAT RT (x86)
	EndGlobalSection
	GlobalSection(ProjectConfigurationPlatforms) = postSolution
		{47A695EF-D762-4449-A557-69A8CDE38A13}.Debug|TwinCAT CE7 (ARMV7).ActiveCfg = Debug|TwinCAT CE7 (ARMV7)
		{47A695EF-D762-4449-A557-69A8CDE38A13}.Debug|TwinCAT CE7 (ARMV7).Build.0 = Debug|TwinCAT CE7 (ARMV7)
		{47A695EF-D762-4449-A557-69A8CDE38A13}.Debug|TwinCAT OS (ARMT2).ActiveCfg = Debug|TwinCAT OS (ARMT2)
		{47A695EF-D762-4449-A557-69A8CDE38A13}.Debug|TwinCAT OS (ARMT2).Build.0 = Debug|TwinCAT OS (ARMT2)
		{47A695EF-D762-4449-A557-69A8CDE38A13}.Debug|TwinCAT OS (x64).ActiveCfg = Debug|TwinCAT OS (ARMT2)
		{47A695EF-D762-4449-A557-69A8CDE38A13}.Debug|TwinCAT RT (x64).ActiveCfg = Debug|TwinCAT RT (x64)
		{47A695EF-D762-4449-A557-69A8CDE38A13}.Debug|TwinCAT RT (x64).Build.0 = Debug|TwinCAT RT (x64)
		{47A695EF-D762-4449-A557-69A8CDE38A13}.Debug|TwinCAT RT (x86).ActiveCfg = Debug|TwinCAT RT (x86)
		{47A695EF-D762-4449-A557-69A8CDE38A13}.Debug|TwinCAT RT (x86).Build.0 = Debug|TwinCAT RT (x86)
		{47A695EF-D762-4449-A557-69A8CDE38A13}.Release|TwinCAT CE7 (ARMV7).ActiveCfg = Release|TwinCAT CE7 (ARMV7)
		{47A695EF-D762-4449-A557-69A8CDE38A13}.Release|TwinCAT CE7 (ARMV7).Build.0 = Release|TwinCAT CE7 (ARMV7)
		{47A695EF-D762-4449-A557-69A8CDE38A13}.Release|TwinCAT OS (ARMT2).ActiveCfg = Release|TwinCAT OS (ARMT2)
		{47A695EF-D762-4449-A557-69A8CDE38A13}.Release|TwinCAT OS (ARMT2).Build.0 = Release|TwinCAT OS (ARMT2)
		{47A695EF-D762-4449-A557-69A8CDE38A13}.Release|TwinCAT OS (x64).ActiveCfg = Release|TwinCAT OS (ARMT2)
		{47A695EF-D762-4449-A557-69A8CDE38A13}.Release|TwinCAT RT (x64).ActiveCfg = Release|TwinCAT RT (x64)
		{47A695EF-D762-4449-A557-69A8CDE38A13}.Release|TwinCAT RT (x64).Build.0 = Release|TwinCAT RT (x64)
		{47A695EF-D762-4449-A557-69A8CDE38A13}.Release|TwinCAT RT (x86).ActiveCfg = Release|TwinCAT RT (x86)
		{47A695EF-D762-4449-A557-69A8CDE38A13}.Release|TwinCAT RT (x86).Build.0 = Release|TwinCAT RT (x86)
		{776C2C8B-9B66-4F07-8B00-3830775703A3}.Debug|TwinCAT CE7 (ARMV7).ActiveCfg = Debug|TwinCAT CE7 (ARMV7)
		{776C2C8B-9B66-4F07-8B00-3830775703A3}.Debug|TwinCAT CE7 (ARMV7).Build.0 = Debug|TwinCAT CE7 (ARMV7)
		{776C2C8B-9B66-4F07-8B00-3830775703A3}.Debug|TwinCAT OS (ARMT2).ActiveCfg = Debug|TwinCAT OS (ARMT2)
		{776C2C8B-9B66-4F07-8B00-3830775703A3}.Debug|TwinCAT OS (ARMT2).Build.0 = Debug|TwinCAT OS (ARMT2)
		{776C2C8B-9B66-4F07-8B00-3830775703A3}.Debug|TwinCAT OS (x64).ActiveCfg = Debug|TwinCAT OS (ARMT2)
		{776C2C8B-9B66-4F07-8B00-3830775703A3}.Debug|TwinCAT RT (x64).ActiveCfg = Debug|TwinCAT RT (x64)
		{776C2C8B-9B66-4F07-8B00-3830775703A3}.Debug|TwinCAT RT (x64).Build.0 = Debug|TwinCAT RT (x64)
		{776C2C8B-9B66-4F07-8B00-3830775703A3}.Debug|TwinCAT RT (x86).ActiveCfg = Debug|TwinCAT RT (x86)
		{776C2C8B-9B66-4F07-8B00-3830775703A3}.Debug|TwinCAT RT (x86).Build.0 = Debug|TwinCAT RT (x86)
		{776C2C8B-9B66-4F07-8B00-3830775703A3}.Release|TwinCAT CE7 (ARMV7).ActiveCfg = Release|TwinCAT CE7 (ARMV7)
		{776C2C8B-9B66-4F07-8B00-3830775703A3}.Release|TwinCAT CE7 (ARMV7).Build.0 = Release|TwinCAT CE7 (ARMV7)
		{776C2C8B-9B66-4F07-8B00-3830775703A3}.Release|TwinCAT OS (ARMT2).ActiveCfg = Release|TwinCAT OS (ARMT2)
		{776C2C8B-9B66-4F07-8B00-3830775703A3}.Release|TwinCAT OS (ARMT2).Build.0 = Release|TwinCAT OS (ARMT2)
		{776C2C8B-9B66-4F07-8B00-3830775703A3}.Release|TwinCAT OS (x64).ActiveCfg = Release|TwinCAT OS (ARMT2)
		{776C2C8B-9B66-4F07-8B00-3830775703A3}.Release|TwinCAT RT (x64).ActiveCfg = Release|TwinCAT RT (x64)
		{776C2C8B-9B66-4F07-8B00-3830775703A3}.Release|TwinCAT RT (x64).Build.0 = Release|TwinCAT RT (x64)
		{776C2C8B-9B66-4F07-8B00-3830775703A3}.Release|TwinCAT RT (x86).ActiveCfg = Release|TwinCAT RT (x86)
		{776C2C8B-9B66-4F07-8B00-3830775703A3}.Release|TwinCAT RT (x86).Build.0 = Release|TwinCAT RT (x86)
		{1A289FD8-2FC0-4B29-B34F-E4BF25DBB957}.Debug|TwinCAT CE7 (ARMV7).ActiveCfg = Debug|TwinCAT CE7 (ARMV7)
		{1A289FD8-2FC0-4B29-B34F-E4BF25DBB957}.Debug|TwinCAT CE7 (ARMV7).Build.0 = Debug|TwinCAT CE7 (ARMV7)
		{1A289FD8-2FC0-4B29-B34F-E4BF25DBB957}.Debug|TwinCAT OS (ARMT2).ActiveCfg = Debug|TwinCAT OS (ARMT2)
		{1A289FD8-2FC0-4B29-B34F-E4BF25DBB957}.Debug|TwinCAT OS (ARMT2).Build.0 = Debug|TwinCAT OS (ARMT2)
		{1A289FD8-2FC0-4B29-B34F-E4BF25DBB957}.Debug|TwinCAT OS (x64).ActiveCfg = Debug|TwinCAT OS (ARMT2)
		{1A289FD8-2FC0-4B29-B34F-E4BF25DBB957}.Debug|TwinCAT RT (x64).ActiveCfg = Debug|TwinCAT RT (x64)
		{1A289FD8-2FC0-4B29-B34F-E4BF25DBB957}.Debug|TwinCAT RT (x64).Build.0 = Debug|TwinCAT RT (x64)
		{1A289FD8-2FC0-4B29-B34F-E4BF25DBB957}.Debug|TwinCAT RT (x86).ActiveCfg = Debug|TwinCAT RT (x86)
		{1A289FD8-2FC0-4B29-B34F-E4BF25DBB957}.Debug|TwinCAT RT (x86).Build.0 = Debug|TwinCAT RT (x86)
		{1A289FD8-2FC0-4B29-B34F-E4BF25DBB957}.Release|TwinCAT CE7 (ARMV7).ActiveCfg = Release|TwinCAT CE7 (ARMV7)
		{1A289FD8-2FC0-4B29-B34F-E4BF25DBB957}.Release|TwinCAT CE7 (ARMV7).Build.0 = Release|TwinCAT CE7 (ARMV7)
		{1A289FD8-2FC0-4B29-B34F-E4BF25DBB957}.Release|TwinCAT OS (ARMT2).ActiveCfg = Release|TwinCAT OS (ARMT2)
		{1A289FD8-2FC0-4B29-B34F-E4BF25DBB957}.Release|TwinCAT OS (ARMT2).Build.0 = Release|TwinCAT OS (ARMT2)
		{1A289FD8-2FC0-4B29-B34F-E4BF25DBB957}.Release|TwinCAT OS (x64).ActiveCfg = Release|TwinCAT OS (ARMT2)
		{1A289FD8-2FC0-4B29-B34F-E4BF25DBB957}.Release|TwinCAT RT (x64).ActiveCfg = Release|TwinCAT RT (x64)
		{1A289FD8-2FC0-4B29-B34F-E4BF25DBB957}.Release|TwinCAT RT (x64).Build.0 = Release|TwinCAT RT (x64)
		{1A289FD8-2FC0-4B29-B34F-E4BF25DBB957}.Release|TwinCAT RT (x86).ActiveCfg = Release|TwinCAT RT (x86)
		{1A289FD8-2FC0-4B29-B34F-E4BF25DBB957}.Release|TwinCAT RT (x86).Build.0 = Release|TwinCAT RT (x86)
		{6B169367-D7F9-4BF7-BDC9-DB2D911660B4}.Debug|TwinCAT CE7 (ARMV7).ActiveCfg = Debug|TwinCAT CE7 (ARMV7)
		{6B169367-D7F9-4BF7-BDC9-DB2D911660B4}.Debug|TwinCAT CE7 (ARMV7).Build.0 = Debug|TwinCAT CE7 (ARMV7)
		{6B169367-D7F9-4BF7-BDC9-DB2D911660B4}.Debug|TwinCAT OS (ARMT2).ActiveCfg = Debug|TwinCAT OS (ARMT2)
		{6B169367-D7F9-4BF7-BDC9-DB2D911660B4}.Debug|TwinCAT OS (ARMT2).Build.0 = Debug|TwinCAT OS (ARMT2)
		{6B169367-D7F9-4BF7-BDC9-DB2D911660B4}.Debug|TwinCAT OS (x64).ActiveCfg = Debug|TwinCAT OS (ARMT2)
		{6B169367-D7F9-4BF7-BDC9-DB2D911660B4}.Debug|TwinCAT RT (x64).ActiveCfg = Debug|TwinCAT RT (x64)
		{6B169367-D7F9-4BF7-BDC9-DB2D911660B4}.Debug|TwinCAT RT (x64).Build.0 = Debug|TwinCAT RT (x64)
		{6B169367-D7F9-4BF7-BDC9-DB2D911660B4}.Debug|TwinCAT RT (x86).ActiveCfg = Debug|TwinCAT RT (x86)
		{6B169367-D7F9-4BF7-BDC9-DB2D911660B4}.Debug|TwinCAT RT (x86).Build.0 = Debug|TwinCAT RT (x86)
		{6B169367-D7F9-4BF7-BDC9-DB2D911660B4}.Release|TwinCAT CE7 (ARMV7).ActiveCfg = Release|TwinCAT CE7 (ARMV7)
		{6B169367-D7F9-4BF7-BDC9-DB2D911660B4}.Release|TwinCAT CE7 (ARMV7).Build.0 = Release|TwinCAT CE7 (ARMV7)
		{6B169367-D7F9-4BF7-BDC9-DB2D911660B4}.Release|TwinCAT OS (ARMT2).ActiveCfg = Release|TwinCAT OS (ARMT2)
		{6B169367-D7F9-4BF7-BDC9-DB2D911660B4}.Release|TwinCAT OS (ARMT2).Build.0 = Release|TwinCAT OS (ARMT2)
		{6B169367-D7F9-4BF7-BDC9-DB2D911660B4}.Release|TwinCAT OS (x64).ActiveCfg = Release|TwinCAT OS (ARMT2)
		{6B169367-D7F9-4BF7-BDC9-DB2D911660B4}.Release|TwinCAT RT (x64).ActiveCfg = Release|TwinCAT RT (x64)
		{6B169367-D7F9-4BF7-BDC9-DB2D911660B4}.Release|TwinCAT RT (x64).Build.0 = Release|TwinCAT RT (x64)
		{6B169367-D7F9-4BF7-BDC9-DB2D911660B4}.Release|TwinCAT RT (x86).ActiveCfg = Release|TwinCAT RT (x86)
		{6B169367-D7F9-4BF7-BDC9-DB2D911660B4}.Release|TwinCAT RT (x86).Build.0 = Release|TwinCAT RT (x86)
		{9B39333C-C5CE-40C7-BEAF-06377D74ACB6}.Debug|TwinCAT CE7 (ARMV7).ActiveCfg = Debug|TwinCAT CE7 (ARMV7)
		{9B39333C-C5CE-40C7-BEAF-06377D74ACB6}.Debug|TwinCAT OS (ARMT2).ActiveCfg = Debug|TwinCAT OS (ARMT2)
		{9B39333C-C5CE-40C7-BEAF-06377D74ACB6}.Debug|TwinCAT OS (x64).ActiveCfg = Debug|TwinCAT OS (x64)
		{9B39333C-C5CE-40C7-BEAF-06377D74ACB6}.Debug|TwinCAT RT (x64).ActiveCfg = Debug|TwinCAT RT (x64)
		{9B39333C-C5CE-40C7-BEAF-06377D74ACB6}.Debug|TwinCAT RT (x86).ActiveCfg = Debug|TwinCAT RT (x86)
		{9B39333C-C5CE-40C7-BEAF-06377D74ACB6}.Release|TwinCAT CE7 (ARMV7).ActiveCfg = Release|TwinCAT CE7 (ARMV7)
		{9B39333C-C5CE-40C7-BEAF-06377D74ACB6}.Release|TwinCAT OS (ARMT2).ActiveCfg = Release|TwinCAT OS (ARMT2)
		{9B39333C-C5CE-40C7-BEAF-06377D74ACB6}.Release|TwinCAT OS (x64).ActiveCfg = Release|TwinCAT OS (x64)
		{9B39333C-C5CE-40C7-BEAF-06377D74ACB6}.Release|TwinCAT RT (x64).ActiveCfg = Release|TwinCAT RT (x64)
		{9B39333C-C5CE-40C7-BEAF-06377D74ACB6}.Release|TwinCAT RT (x86).ActiveCfg = Release|TwinCAT RT (x86)
		{9DFAA274-55DC-4DF3-99B0-3B559642C16B}.Debug|TwinCAT CE7 (ARMV7).ActiveCfg = Debug|TwinCAT CE7 (ARMV7)
		{9DFAA274-55DC-4DF3-99B0-3B559642C16B}.Debug|TwinCAT OS (ARMT2).ActiveCfg = Debug|TwinCAT OS (ARMT2)
		{9DFAA274-55DC-4DF3-99B0-3B559642C16B}.Debug|TwinCAT OS (x64).ActiveCfg = Debug|TwinCAT OS (x64)
		{9DFAA274-55DC-4DF3-99B0-3B559642C16B}.Debug|TwinCAT RT (x64).ActiveCfg = Debug|TwinCAT RT (x64)
		{9DFAA274-55DC-4DF3-99B0-3B559642C16B}.Debug|TwinCAT RT (x86).ActiveCfg = Debug|TwinCAT RT (x86)
		{9DFAA274-55DC-4DF3-99B0-3B559642C16B}.Release|TwinCAT CE7 (ARMV7).ActiveCfg = Release|TwinCAT CE7 (ARMV7)
		{9DFAA274-55DC-4DF3-99B0-3B559642C16B}.Release|TwinCAT OS (ARMT2).ActiveCfg = Release|TwinCAT OS (ARMT2)
		{9DFAA274-55DC-4DF3-99B0-3B559642C16B}.Release|TwinCAT OS (x64).ActiveCfg = Release|TwinCAT OS (x64)
		{9DFAA274-55DC-4DF3-99B0-3B559642C16B}.Release|TwinCAT RT (x64).ActiveCfg = Release|TwinCAT RT (x64)
		{9DFAA274-55DC-4DF3-99B0-3B559642C16B}.Release|TwinCAT RT (x86).ActiveCfg = Release|TwinCAT RT (x86)
	EndGlobalSection
	GlobalSection(SolutionProperties) = preSolution
		HideSolutionNode = FALSE
	EndGlobalSection
	GlobalSection(ExtensibilityGlobals) = postSolution
		SolutionGuid = {0545A6CB-8F1C-4320-A00C-CA7D476859C7}
	EndGlobalSection
EndGlobal
