
Microsoft Visual Studio Solution File, Format Version 12.00
# TcXaeShell Solution File, Format Version 11.00
VisualStudioVersion = 15.0.34829.251
MinimumVisualStudioVersion = 10.0.40219.1
Project("{B1E792BE-AA5F-4E3C-8C82-674BF9C0715B}") = "LWLine", "LWLine.tsproj", "{47A695EF-D762-4449-A557-69A8CDE38A13}"
EndProject
Project("{23D6B0B7-CBAA-4070-A2AF-F2FCE2506A3D}") = "DriveManagerB02PL", "DriveManagerB02PL\DriveManagerB02PL.tcdmproj", "{0295932E-E3AE-4219-AC43-A4F1A02CE4BD}"
EndProject
Global
	GlobalSection(SolutionConfigurationPlatforms) = preSolution
		Debug|TwinCAT CE7 (ARMV7) = Debug|TwinCAT CE7 (ARMV7)
		Debug|TwinCAT OS (ARMT2) = Debug|TwinCAT OS (ARMT2)
		Debug|TwinCAT OS (x64) = Debug|TwinCAT OS (x64)
		Debug|TwinCAT RT (x64) = Debug|TwinCAT RT (x64)
		Debug|TwinCAT RT (x86) = Debug|TwinCAT RT (x86)
		Release|TwinCAT CE7 (ARMV7) = Release|TwinCAT CE7 (ARMV7)
		Release|TwinCAT OS (ARMT2) = Release|TwinCAT OS (ARMT2)
		Release|TwinCAT OS (x64) = Release|TwinCAT OS (x64)
		Release|TwinCAT RT (x64) = Release|TwinCAT RT (x64)
		Release|TwinCAT RT (x86) = Release|TwinCAT RT (x86)
	EndGlobalSection
	GlobalSection(ProjectConfigurationPlatforms) = postSolution
		{47A695EF-D762-4449-A557-69A8CDE38A13}.Debug|TwinCAT CE7 (ARMV7).ActiveCfg = Debug|TwinCAT CE7 (ARMV7)
		{47A695EF-D762-4449-A557-69A8CDE38A13}.Debug|TwinCAT CE7 (ARMV7).Build.0 = Debug|TwinCAT CE7 (ARMV7)
		{47A695EF-D762-4449-A557-69A8CDE38A13}.Debug|TwinCAT OS (ARMT2).ActiveCfg = Debug|TwinCAT OS (ARMT2)
		{47A695EF-D762-4449-A557-69A8CDE38A13}.Debug|TwinCAT OS (ARMT2).Build.0 = Debug|TwinCAT OS (ARMT2)
		{47A695EF-D762-4449-A557-69A8CDE38A13}.Debug|TwinCAT OS (x64).ActiveCfg = Debug|TwinCAT OS (ARMT2)
		{47A695EF-D762-4449-A557-69A8CDE38A13}.Debug|TwinCAT RT (x64).ActiveCfg = Debug|TwinCAT RT (x64)
		{47A695EF-D762-4449-A557-69A8CDE38A13}.Debug|TwinCAT RT (x64).Build.0 = Debug|TwinCAT RT (x64)
		{47A695EF-D762-4449-A557-69A8CDE38A13}.Debug|TwinCAT RT (x86).ActiveCfg = Debug|TwinCAT RT (x86)
		{47A695EF-D762-4449-A557-69A8CDE38A13}.Debug|TwinCAT RT (x86).Build.0 = Debug|TwinCAT RT (x86)
		{47A695EF-D762-4449-A557-69A8CDE38A13}.Release|TwinCAT CE7 (ARMV7).ActiveCfg = Release|TwinCAT CE7 (ARMV7)
		{47A695EF-D762-4449-A557-69A8CDE38A13}.Release|TwinCAT CE7 (ARMV7).Build.0 = Release|TwinCAT CE7 (ARMV7)
		{47A695EF-D762-4449-A557-69A8CDE38A13}.Release|TwinCAT OS (ARMT2).ActiveCfg = Release|TwinCAT OS (ARMT2)
		{47A695EF-D762-4449-A557-69A8CDE38A13}.Release|TwinCAT OS (ARMT2).Build.0 = Release|TwinCAT OS (ARMT2)
		{47A695EF-D762-4449-A557-69A8CDE38A13}.Release|TwinCAT OS (x64).ActiveCfg = Release|TwinCAT OS (ARMT2)
		{47A695EF-D762-4449-A557-69A8CDE38A13}.Release|TwinCAT RT (x64).ActiveCfg = Release|TwinCAT RT (x64)
		{47A695EF-D762-4449-A557-69A8CDE38A13}.Release|TwinCAT RT (x64).Build.0 = Release|TwinCAT RT (x64)
		{47A695EF-D762-4449-A557-69A8CDE38A13}.Release|TwinCAT RT (x86).ActiveCfg = Release|TwinCAT RT (x86)
		{47A695EF-D762-4449-A557-69A8CDE38A13}.Release|TwinCAT RT (x86).Build.0 = Release|TwinCAT RT (x86)
		{0295932E-E3AE-4219-AC43-A4F1A02CE4BD}.Debug|TwinCAT CE7 (ARMV7).ActiveCfg = Debug|TwinCAT CE7 (ARMV7)
		{0295932E-E3AE-4219-AC43-A4F1A02CE4BD}.Debug|TwinCAT OS (ARMT2).ActiveCfg = Debug|TwinCAT OS (ARMT2)
		{0295932E-E3AE-4219-AC43-A4F1A02CE4BD}.Debug|TwinCAT OS (x64).ActiveCfg = Debug|TwinCAT OS (ARMT2)
		{0295932E-E3AE-4219-AC43-A4F1A02CE4BD}.Debug|TwinCAT RT (x64).ActiveCfg = Debug|TwinCAT RT (x64)
		{0295932E-E3AE-4219-AC43-A4F1A02CE4BD}.Debug|TwinCAT RT (x86).ActiveCfg = Debug|TwinCAT RT (x86)
		{0295932E-E3AE-4219-AC43-A4F1A02CE4BD}.Release|TwinCAT CE7 (ARMV7).ActiveCfg = Release|TwinCAT CE7 (ARMV7)
		{0295932E-E3AE-4219-AC43-A4F1A02CE4BD}.Release|TwinCAT OS (ARMT2).ActiveCfg = Release|TwinCAT OS (ARMT2)
		{0295932E-E3AE-4219-AC43-A4F1A02CE4BD}.Release|TwinCAT OS (x64).ActiveCfg = Release|TwinCAT OS (ARMT2)
		{0295932E-E3AE-4219-AC43-A4F1A02CE4BD}.Release|TwinCAT RT (x64).ActiveCfg = Release|TwinCAT RT (x64)
		{0295932E-E3AE-4219-AC43-A4F1A02CE4BD}.Release|TwinCAT RT (x86).ActiveCfg = Release|TwinCAT RT (x86)
		{F86D8289-F7F3-4922-BE3B-85513A19ECF2}.Debug|TwinCAT CE7 (ARMV7).ActiveCfg = Debug|TwinCAT CE7 (ARMV7)
		{F86D8289-F7F3-4922-BE3B-85513A19ECF2}.Debug|TwinCAT CE7 (ARMV7).Build.0 = Debug|TwinCAT CE7 (ARMV7)
		{F86D8289-F7F3-4922-BE3B-85513A19ECF2}.Debug|TwinCAT OS (ARMT2).ActiveCfg = Debug|TwinCAT OS (ARMT2)
		{F86D8289-F7F3-4922-BE3B-85513A19ECF2}.Debug|TwinCAT OS (ARMT2).Build.0 = Debug|TwinCAT OS (ARMT2)
		{F86D8289-F7F3-4922-BE3B-85513A19ECF2}.Debug|TwinCAT OS (x64).ActiveCfg = Debug|TwinCAT OS (ARMT2)
		{F86D8289-F7F3-4922-BE3B-85513A19ECF2}.Debug|TwinCAT RT (x64).ActiveCfg = Debug|TwinCAT RT (x64)
		{F86D8289-F7F3-4922-BE3B-85513A19ECF2}.Debug|TwinCAT RT (x64).Build.0 = Debug|TwinCAT RT (x64)
		{F86D8289-F7F3-4922-BE3B-85513A19ECF2}.Debug|TwinCAT RT (x86).ActiveCfg = Debug|TwinCAT RT (x86)
		{F86D8289-F7F3-4922-BE3B-85513A19ECF2}.Debug|TwinCAT RT (x86).Build.0 = Debug|TwinCAT RT (x86)
		{F86D8289-F7F3-4922-BE3B-85513A19ECF2}.Release|TwinCAT CE7 (ARMV7).ActiveCfg = Release|TwinCAT CE7 (ARMV7)
		{F86D8289-F7F3-4922-BE3B-85513A19ECF2}.Release|TwinCAT CE7 (ARMV7).Build.0 = Release|TwinCAT CE7 (ARMV7)
		{F86D8289-F7F3-4922-BE3B-85513A19ECF2}.Release|TwinCAT OS (ARMT2).ActiveCfg = Release|TwinCAT OS (ARMT2)
		{F86D8289-F7F3-4922-BE3B-85513A19ECF2}.Release|TwinCAT OS (ARMT2).Build.0 = Release|TwinCAT OS (ARMT2)
		{F86D8289-F7F3-4922-BE3B-85513A19ECF2}.Release|TwinCAT OS (x64).ActiveCfg = Release|TwinCAT OS (ARMT2)
		{F86D8289-F7F3-4922-BE3B-85513A19ECF2}.Release|TwinCAT RT (x64).ActiveCfg = Release|TwinCAT RT (x64)
		{F86D8289-F7F3-4922-BE3B-85513A19ECF2}.Release|TwinCAT RT (x64).Build.0 = Release|TwinCAT RT (x64)
		{F86D8289-F7F3-4922-BE3B-85513A19ECF2}.Release|TwinCAT RT (x86).ActiveCfg = Release|TwinCAT RT (x86)
		{F86D8289-F7F3-4922-BE3B-85513A19ECF2}.Release|TwinCAT RT (x86).Build.0 = Release|TwinCAT RT (x86)
		{652DD997-4EA5-4088-9D8E-AB0C05D58200}.Debug|TwinCAT CE7 (ARMV7).ActiveCfg = Debug|TwinCAT CE7 (ARMV7)
		{652DD997-4EA5-4088-9D8E-AB0C05D58200}.Debug|TwinCAT CE7 (ARMV7).Build.0 = Debug|TwinCAT CE7 (ARMV7)
		{652DD997-4EA5-4088-9D8E-AB0C05D58200}.Debug|TwinCAT OS (ARMT2).ActiveCfg = Debug|TwinCAT OS (ARMT2)
		{652DD997-4EA5-4088-9D8E-AB0C05D58200}.Debug|TwinCAT OS (ARMT2).Build.0 = Debug|TwinCAT OS (ARMT2)
		{652DD997-4EA5-4088-9D8E-AB0C05D58200}.Debug|TwinCAT OS (x64).ActiveCfg = Debug|TwinCAT OS (ARMT2)
		{652DD997-4EA5-4088-9D8E-AB0C05D58200}.Debug|TwinCAT RT (x64).ActiveCfg = Debug|TwinCAT RT (x64)
		{652DD997-4EA5-4088-9D8E-AB0C05D58200}.Debug|TwinCAT RT (x64).Build.0 = Debug|TwinCAT RT (x64)
		{652DD997-4EA5-4088-9D8E-AB0C05D58200}.Debug|TwinCAT RT (x86).ActiveCfg = Debug|TwinCAT RT (x86)
		{652DD997-4EA5-4088-9D8E-AB0C05D58200}.Debug|TwinCAT RT (x86).Build.0 = Debug|TwinCAT RT (x86)
		{652DD997-4EA5-4088-9D8E-AB0C05D58200}.Release|TwinCAT CE7 (ARMV7).ActiveCfg = Release|TwinCAT CE7 (ARMV7)
		{652DD997-4EA5-4088-9D8E-AB0C05D58200}.Release|TwinCAT CE7 (ARMV7).Build.0 = Release|TwinCAT CE7 (ARMV7)
		{652DD997-4EA5-4088-9D8E-AB0C05D58200}.Release|TwinCAT OS (ARMT2).ActiveCfg = Release|TwinCAT OS (ARMT2)
		{652DD997-4EA5-4088-9D8E-AB0C05D58200}.Release|TwinCAT OS (ARMT2).Build.0 = Release|TwinCAT OS (ARMT2)
		{652DD997-4EA5-4088-9D8E-AB0C05D58200}.Release|TwinCAT OS (x64).ActiveCfg = Release|TwinCAT OS (ARMT2)
		{652DD997-4EA5-4088-9D8E-AB0C05D58200}.Release|TwinCAT RT (x64).ActiveCfg = Release|TwinCAT RT (x64)
		{652DD997-4EA5-4088-9D8E-AB0C05D58200}.Release|TwinCAT RT (x64).Build.0 = Release|TwinCAT RT (x64)
		{652DD997-4EA5-4088-9D8E-AB0C05D58200}.Release|TwinCAT RT (x86).ActiveCfg = Release|TwinCAT RT (x86)
		{652DD997-4EA5-4088-9D8E-AB0C05D58200}.Release|TwinCAT RT (x86).Build.0 = Release|TwinCAT RT (x86)
		{6C043FDF-7ED8-4E4D-ADDE-C98DC88F6010}.Debug|TwinCAT CE7 (ARMV7).ActiveCfg = Debug|TwinCAT CE7 (ARMV7)
		{6C043FDF-7ED8-4E4D-ADDE-C98DC88F6010}.Debug|TwinCAT CE7 (ARMV7).Build.0 = Debug|TwinCAT CE7 (ARMV7)
		{6C043FDF-7ED8-4E4D-ADDE-C98DC88F6010}.Debug|TwinCAT OS (ARMT2).ActiveCfg = Debug|TwinCAT OS (ARMT2)
		{6C043FDF-7ED8-4E4D-ADDE-C98DC88F6010}.Debug|TwinCAT OS (ARMT2).Build.0 = Debug|TwinCAT OS (ARMT2)
		{6C043FDF-7ED8-4E4D-ADDE-C98DC88F6010}.Debug|TwinCAT OS (x64).ActiveCfg = Debug|TwinCAT OS (ARMT2)
		{6C043FDF-7ED8-4E4D-ADDE-C98DC88F6010}.Debug|TwinCAT RT (x64).ActiveCfg = Debug|TwinCAT RT (x64)
		{6C043FDF-7ED8-4E4D-ADDE-C98DC88F6010}.Debug|TwinCAT RT (x64).Build.0 = Debug|TwinCAT RT (x64)
		{6C043FDF-7ED8-4E4D-ADDE-C98DC88F6010}.Debug|TwinCAT RT (x86).ActiveCfg = Debug|TwinCAT RT (x86)
		{6C043FDF-7ED8-4E4D-ADDE-C98DC88F6010}.Debug|TwinCAT RT (x86).Build.0 = Debug|TwinCAT RT (x86)
		{6C043FDF-7ED8-4E4D-ADDE-C98DC88F6010}.Release|TwinCAT CE7 (ARMV7).ActiveCfg = Release|TwinCAT CE7 (ARMV7)
		{6C043FDF-7ED8-4E4D-ADDE-C98DC88F6010}.Release|TwinCAT CE7 (ARMV7).Build.0 = Release|TwinCAT CE7 (ARMV7)
		{6C043FDF-7ED8-4E4D-ADDE-C98DC88F6010}.Release|TwinCAT OS (ARMT2).ActiveCfg = Release|TwinCAT OS (ARMT2)
		{6C043FDF-7ED8-4E4D-ADDE-C98DC88F6010}.Release|TwinCAT OS (ARMT2).Build.0 = Release|TwinCAT OS (ARMT2)
		{6C043FDF-7ED8-4E4D-ADDE-C98DC88F6010}.Release|TwinCAT OS (x64).ActiveCfg = Release|TwinCAT OS (ARMT2)
		{6C043FDF-7ED8-4E4D-ADDE-C98DC88F6010}.Release|TwinCAT RT (x64).ActiveCfg = Release|TwinCAT RT (x64)
		{6C043FDF-7ED8-4E4D-ADDE-C98DC88F6010}.Release|TwinCAT RT (x64).Build.0 = Release|TwinCAT RT (x64)
		{6C043FDF-7ED8-4E4D-ADDE-C98DC88F6010}.Release|TwinCAT RT (x86).ActiveCfg = Release|TwinCAT RT (x86)
		{6C043FDF-7ED8-4E4D-ADDE-C98DC88F6010}.Release|TwinCAT RT (x86).Build.0 = Release|TwinCAT RT (x86)
		{3F81FBDB-308E-495F-B030-88CD22927255}.Debug|TwinCAT CE7 (ARMV7).ActiveCfg = Debug|TwinCAT CE7 (ARMV7)
		{3F81FBDB-308E-495F-B030-88CD22927255}.Debug|TwinCAT CE7 (ARMV7).Build.0 = Debug|TwinCAT CE7 (ARMV7)
		{3F81FBDB-308E-495F-B030-88CD22927255}.Debug|TwinCAT OS (ARMT2).ActiveCfg = Debug|TwinCAT OS (ARMT2)
		{3F81FBDB-308E-495F-B030-88CD22927255}.Debug|TwinCAT OS (ARMT2).Build.0 = Debug|TwinCAT OS (ARMT2)
		{3F81FBDB-308E-495F-B030-88CD22927255}.Debug|TwinCAT OS (x64).ActiveCfg = Debug|TwinCAT OS (ARMT2)
		{3F81FBDB-308E-495F-B030-88CD22927255}.Debug|TwinCAT RT (x64).ActiveCfg = Debug|TwinCAT RT (x64)
		{3F81FBDB-308E-495F-B030-88CD22927255}.Debug|TwinCAT RT (x64).Build.0 = Debug|TwinCAT RT (x64)
		{3F81FBDB-308E-495F-B030-88CD22927255}.Debug|TwinCAT RT (x86).ActiveCfg = Debug|TwinCAT RT (x86)
		{3F81FBDB-308E-495F-B030-88CD22927255}.Debug|TwinCAT RT (x86).Build.0 = Debug|TwinCAT RT (x86)
		{3F81FBDB-308E-495F-B030-88CD22927255}.Release|TwinCAT CE7 (ARMV7).ActiveCfg = Release|TwinCAT CE7 (ARMV7)
		{3F81FBDB-308E-495F-B030-88CD22927255}.Release|TwinCAT CE7 (ARMV7).Build.0 = Release|TwinCAT CE7 (ARMV7)
		{3F81FBDB-308E-495F-B030-88CD22927255}.Release|TwinCAT OS (ARMT2).ActiveCfg = Release|TwinCAT OS (ARMT2)
		{3F81FBDB-308E-495F-B030-88CD22927255}.Release|TwinCAT OS (ARMT2).Build.0 = Release|TwinCAT OS (ARMT2)
		{3F81FBDB-308E-495F-B030-88CD22927255}.Release|TwinCAT OS (x64).ActiveCfg = Release|TwinCAT OS (ARMT2)
		{3F81FBDB-308E-495F-B030-88CD22927255}.Release|TwinCAT RT (x64).ActiveCfg = Release|TwinCAT RT (x64)
		{3F81FBDB-308E-495F-B030-88CD22927255}.Release|TwinCAT RT (x64).Build.0 = Release|TwinCAT RT (x64)
		{3F81FBDB-308E-495F-B030-88CD22927255}.Release|TwinCAT RT (x86).ActiveCfg = Release|TwinCAT RT (x86)
		{3F81FBDB-308E-495F-B030-88CD22927255}.Release|TwinCAT RT (x86).Build.0 = Release|TwinCAT RT (x86)
		{1DBFF692-932C-4A17-8872-BFA7FAA1F8FB}.Debug|TwinCAT CE7 (ARMV7).ActiveCfg = Debug|TwinCAT CE7 (ARMV7)
		{1DBFF692-932C-4A17-8872-BFA7FAA1F8FB}.Debug|TwinCAT CE7 (ARMV7).Build.0 = Debug|TwinCAT CE7 (ARMV7)
		{1DBFF692-932C-4A17-8872-BFA7FAA1F8FB}.Debug|TwinCAT OS (ARMT2).ActiveCfg = Debug|TwinCAT OS (ARMT2)
		{1DBFF692-932C-4A17-8872-BFA7FAA1F8FB}.Debug|TwinCAT OS (ARMT2).Build.0 = Debug|TwinCAT OS (ARMT2)
		{1DBFF692-932C-4A17-8872-BFA7FAA1F8FB}.Debug|TwinCAT OS (x64).ActiveCfg = Debug|TwinCAT OS (ARMT2)
		{1DBFF692-932C-4A17-8872-BFA7FAA1F8FB}.Debug|TwinCAT RT (x64).ActiveCfg = Debug|TwinCAT RT (x64)
		{1DBFF692-932C-4A17-8872-BFA7FAA1F8FB}.Debug|TwinCAT RT (x64).Build.0 = Debug|TwinCAT RT (x64)
		{1DBFF692-932C-4A17-8872-BFA7FAA1F8FB}.Debug|TwinCAT RT (x86).ActiveCfg = Debug|TwinCAT RT (x86)
		{1DBFF692-932C-4A17-8872-BFA7FAA1F8FB}.Debug|TwinCAT RT (x86).Build.0 = Debug|TwinCAT RT (x86)
		{1DBFF692-932C-4A17-8872-BFA7FAA1F8FB}.Release|TwinCAT CE7 (ARMV7).ActiveCfg = Release|TwinCAT CE7 (ARMV7)
		{1DBFF692-932C-4A17-8872-BFA7FAA1F8FB}.Release|TwinCAT CE7 (ARMV7).Build.0 = Release|TwinCAT CE7 (ARMV7)
		{1DBFF692-932C-4A17-8872-BFA7FAA1F8FB}.Release|TwinCAT OS (ARMT2).ActiveCfg = Release|TwinCAT OS (ARMT2)
		{1DBFF692-932C-4A17-8872-BFA7FAA1F8FB}.Release|TwinCAT OS (ARMT2).Build.0 = Release|TwinCAT OS (ARMT2)
		{1DBFF692-932C-4A17-8872-BFA7FAA1F8FB}.Release|TwinCAT OS (x64).ActiveCfg = Release|TwinCAT OS (ARMT2)
		{1DBFF692-932C-4A17-8872-BFA7FAA1F8FB}.Release|TwinCAT RT (x64).ActiveCfg = Release|TwinCAT RT (x64)
		{1DBFF692-932C-4A17-8872-BFA7FAA1F8FB}.Release|TwinCAT RT (x64).Build.0 = Release|TwinCAT RT (x64)
		{1DBFF692-932C-4A17-8872-BFA7FAA1F8FB}.Release|TwinCAT RT (x86).ActiveCfg = Release|TwinCAT RT (x86)
		{1DBFF692-932C-4A17-8872-BFA7FAA1F8FB}.Release|TwinCAT RT (x86).Build.0 = Release|TwinCAT RT (x86)
		{E795753E-E9C2-4F21-A92B-75C5F9586351}.Debug|TwinCAT CE7 (ARMV7).ActiveCfg = Debug|TwinCAT CE7 (ARMV7)
		{E795753E-E9C2-4F21-A92B-75C5F9586351}.Debug|TwinCAT CE7 (ARMV7).Build.0 = Debug|TwinCAT CE7 (ARMV7)
		{E795753E-E9C2-4F21-A92B-75C5F9586351}.Debug|TwinCAT OS (ARMT2).ActiveCfg = Debug|TwinCAT OS (ARMT2)
		{E795753E-E9C2-4F21-A92B-75C5F9586351}.Debug|TwinCAT OS (ARMT2).Build.0 = Debug|TwinCAT OS (ARMT2)
		{E795753E-E9C2-4F21-A92B-75C5F9586351}.Debug|TwinCAT OS (x64).ActiveCfg = Debug|TwinCAT OS (ARMT2)
		{E795753E-E9C2-4F21-A92B-75C5F9586351}.Debug|TwinCAT RT (x64).ActiveCfg = Debug|TwinCAT RT (x64)
		{E795753E-E9C2-4F21-A92B-75C5F9586351}.Debug|TwinCAT RT (x64).Build.0 = Debug|TwinCAT RT (x64)
		{E795753E-E9C2-4F21-A92B-75C5F9586351}.Debug|TwinCAT RT (x86).ActiveCfg = Debug|TwinCAT RT (x86)
		{E795753E-E9C2-4F21-A92B-75C5F9586351}.Debug|TwinCAT RT (x86).Build.0 = Debug|TwinCAT RT (x86)
		{E795753E-E9C2-4F21-A92B-75C5F9586351}.Release|TwinCAT CE7 (ARMV7).ActiveCfg = Release|TwinCAT CE7 (ARMV7)
		{E795753E-E9C2-4F21-A92B-75C5F9586351}.Release|TwinCAT CE7 (ARMV7).Build.0 = Release|TwinCAT CE7 (ARMV7)
		{E795753E-E9C2-4F21-A92B-75C5F9586351}.Release|TwinCAT OS (ARMT2).ActiveCfg = Release|TwinCAT OS (ARMT2)
		{E795753E-E9C2-4F21-A92B-75C5F9586351}.Release|TwinCAT OS (ARMT2).Build.0 = Release|TwinCAT OS (ARMT2)
		{E795753E-E9C2-4F21-A92B-75C5F9586351}.Release|TwinCAT OS (x64).ActiveCfg = Release|TwinCAT OS (ARMT2)
		{E795753E-E9C2-4F21-A92B-75C5F9586351}.Release|TwinCAT RT (x64).ActiveCfg = Release|TwinCAT RT (x64)
		{E795753E-E9C2-4F21-A92B-75C5F9586351}.Release|TwinCAT RT (x64).Build.0 = Release|TwinCAT RT (x64)
		{E795753E-E9C2-4F21-A92B-75C5F9586351}.Release|TwinCAT RT (x86).ActiveCfg = Release|TwinCAT RT (x86)
		{E795753E-E9C2-4F21-A92B-75C5F9586351}.Release|TwinCAT RT (x86).Build.0 = Release|TwinCAT RT (x86)
		{BDC87AB4-27A6-4E1A-AD52-E3225CCCBFDA}.Debug|TwinCAT CE7 (ARMV7).ActiveCfg = Debug|TwinCAT CE7 (ARMV7)
		{BDC87AB4-27A6-4E1A-AD52-E3225CCCBFDA}.Debug|TwinCAT CE7 (ARMV7).Build.0 = Debug|TwinCAT CE7 (ARMV7)
		{BDC87AB4-27A6-4E1A-AD52-E3225CCCBFDA}.Debug|TwinCAT OS (ARMT2).ActiveCfg = Debug|TwinCAT OS (ARMT2)
		{BDC87AB4-27A6-4E1A-AD52-E3225CCCBFDA}.Debug|TwinCAT OS (ARMT2).Build.0 = Debug|TwinCAT OS (ARMT2)
		{BDC87AB4-27A6-4E1A-AD52-E3225CCCBFDA}.Debug|TwinCAT OS (x64).ActiveCfg = Debug|TwinCAT OS (ARMT2)
		{BDC87AB4-27A6-4E1A-AD52-E3225CCCBFDA}.Debug|TwinCAT RT (x64).ActiveCfg = Debug|TwinCAT RT (x64)
		{BDC87AB4-27A6-4E1A-AD52-E3225CCCBFDA}.Debug|TwinCAT RT (x64).Build.0 = Debug|TwinCAT RT (x64)
		{BDC87AB4-27A6-4E1A-AD52-E3225CCCBFDA}.Debug|TwinCAT RT (x86).ActiveCfg = Debug|TwinCAT RT (x86)
		{BDC87AB4-27A6-4E1A-AD52-E3225CCCBFDA}.Debug|TwinCAT RT (x86).Build.0 = Debug|TwinCAT RT (x86)
		{BDC87AB4-27A6-4E1A-AD52-E3225CCCBFDA}.Release|TwinCAT CE7 (ARMV7).ActiveCfg = Release|TwinCAT CE7 (ARMV7)
		{BDC87AB4-27A6-4E1A-AD52-E3225CCCBFDA}.Release|TwinCAT CE7 (ARMV7).Build.0 = Release|TwinCAT CE7 (ARMV7)
		{BDC87AB4-27A6-4E1A-AD52-E3225CCCBFDA}.Release|TwinCAT OS (ARMT2).ActiveCfg = Release|TwinCAT OS (ARMT2)
		{BDC87AB4-27A6-4E1A-AD52-E3225CCCBFDA}.Release|TwinCAT OS (ARMT2).Build.0 = Release|TwinCAT OS (ARMT2)
		{BDC87AB4-27A6-4E1A-AD52-E3225CCCBFDA}.Release|TwinCAT OS (x64).ActiveCfg = Release|TwinCAT OS (ARMT2)
		{BDC87AB4-27A6-4E1A-AD52-E3225CCCBFDA}.Release|TwinCAT RT (x64).ActiveCfg = Release|TwinCAT RT (x64)
		{BDC87AB4-27A6-4E1A-AD52-E3225CCCBFDA}.Release|TwinCAT RT (x64).Build.0 = Release|TwinCAT RT (x64)
		{BDC87AB4-27A6-4E1A-AD52-E3225CCCBFDA}.Release|TwinCAT RT (x86).ActiveCfg = Release|TwinCAT RT (x86)
		{BDC87AB4-27A6-4E1A-AD52-E3225CCCBFDA}.Release|TwinCAT RT (x86).Build.0 = Release|TwinCAT RT (x86)
		{1AAC156A-8842-4584-B431-DB2F2E62C665}.Debug|TwinCAT CE7 (ARMV7).ActiveCfg = Debug|TwinCAT CE7 (ARMV7)
		{1AAC156A-8842-4584-B431-DB2F2E62C665}.Debug|TwinCAT CE7 (ARMV7).Build.0 = Debug|TwinCAT CE7 (ARMV7)
		{1AAC156A-8842-4584-B431-DB2F2E62C665}.Debug|TwinCAT OS (ARMT2).ActiveCfg = Debug|TwinCAT OS (ARMT2)
		{1AAC156A-8842-4584-B431-DB2F2E62C665}.Debug|TwinCAT OS (ARMT2).Build.0 = Debug|TwinCAT OS (ARMT2)
		{1AAC156A-8842-4584-B431-DB2F2E62C665}.Debug|TwinCAT OS (x64).ActiveCfg = Debug|TwinCAT OS (ARMT2)
		{1AAC156A-8842-4584-B431-DB2F2E62C665}.Debug|TwinCAT RT (x64).ActiveCfg = Debug|TwinCAT RT (x64)
		{1AAC156A-8842-4584-B431-DB2F2E62C665}.Debug|TwinCAT RT (x64).Build.0 = Debug|TwinCAT RT (x64)
		{1AAC156A-8842-4584-B431-DB2F2E62C665}.Debug|TwinCAT RT (x86).ActiveCfg = Debug|TwinCAT RT (x86)
		{1AAC156A-8842-4584-B431-DB2F2E62C665}.Debug|TwinCAT RT (x86).Build.0 = Debug|TwinCAT RT (x86)
		{1AAC156A-8842-4584-B431-DB2F2E62C665}.Release|TwinCAT CE7 (ARMV7).ActiveCfg = Release|TwinCAT CE7 (ARMV7)
		{1AAC156A-8842-4584-B431-DB2F2E62C665}.Release|TwinCAT CE7 (ARMV7).Build.0 = Release|TwinCAT CE7 (ARMV7)
		{1AAC156A-8842-4584-B431-DB2F2E62C665}.Release|TwinCAT OS (ARMT2).ActiveCfg = Release|TwinCAT OS (ARMT2)
		{1AAC156A-8842-4584-B431-DB2F2E62C665}.Release|TwinCAT OS (ARMT2).Build.0 = Release|TwinCAT OS (ARMT2)
		{1AAC156A-8842-4584-B431-DB2F2E62C665}.Release|TwinCAT OS (x64).ActiveCfg = Release|TwinCAT OS (ARMT2)
		{1AAC156A-8842-4584-B431-DB2F2E62C665}.Release|TwinCAT RT (x64).ActiveCfg = Release|TwinCAT RT (x64)
		{1AAC156A-8842-4584-B431-DB2F2E62C665}.Release|TwinCAT RT (x64).Build.0 = Release|TwinCAT RT (x64)
		{1AAC156A-8842-4584-B431-DB2F2E62C665}.Release|TwinCAT RT (x86).ActiveCfg = Release|TwinCAT RT (x86)
		{1AAC156A-8842-4584-B431-DB2F2E62C665}.Release|TwinCAT RT (x86).Build.0 = Release|TwinCAT RT (x86)
		{B3D6A0A7-ED84-48E6-9198-62ECEAD74FE7}.Debug|TwinCAT CE7 (ARMV7).ActiveCfg = Debug|TwinCAT CE7 (ARMV7)
		{B3D6A0A7-ED84-48E6-9198-62ECEAD74FE7}.Debug|TwinCAT CE7 (ARMV7).Build.0 = Debug|TwinCAT CE7 (ARMV7)
		{B3D6A0A7-ED84-48E6-9198-62ECEAD74FE7}.Debug|TwinCAT OS (ARMT2).ActiveCfg = Debug|TwinCAT OS (ARMT2)
		{B3D6A0A7-ED84-48E6-9198-62ECEAD74FE7}.Debug|TwinCAT OS (ARMT2).Build.0 = Debug|TwinCAT OS (ARMT2)
		{B3D6A0A7-ED84-48E6-9198-62ECEAD74FE7}.Debug|TwinCAT OS (x64).ActiveCfg = Debug|TwinCAT OS (ARMT2)
		{B3D6A0A7-ED84-48E6-9198-62ECEAD74FE7}.Debug|TwinCAT RT (x64).ActiveCfg = Debug|TwinCAT RT (x64)
		{B3D6A0A7-ED84-48E6-9198-62ECEAD74FE7}.Debug|TwinCAT RT (x64).Build.0 = Debug|TwinCAT RT (x64)
		{B3D6A0A7-ED84-48E6-9198-62ECEAD74FE7}.Debug|TwinCAT RT (x86).ActiveCfg = Debug|TwinCAT RT (x86)
		{B3D6A0A7-ED84-48E6-9198-62ECEAD74FE7}.Debug|TwinCAT RT (x86).Build.0 = Debug|TwinCAT RT (x86)
		{B3D6A0A7-ED84-48E6-9198-62ECEAD74FE7}.Release|TwinCAT CE7 (ARMV7).ActiveCfg = Release|TwinCAT CE7 (ARMV7)
		{B3D6A0A7-ED84-48E6-9198-62ECEAD74FE7}.Release|TwinCAT CE7 (ARMV7).Build.0 = Release|TwinCAT CE7 (ARMV7)
		{B3D6A0A7-ED84-48E6-9198-62ECEAD74FE7}.Release|TwinCAT OS (ARMT2).ActiveCfg = Release|TwinCAT OS (ARMT2)
		{B3D6A0A7-ED84-48E6-9198-62ECEAD74FE7}.Release|TwinCAT OS (ARMT2).Build.0 = Release|TwinCAT OS (ARMT2)
		{B3D6A0A7-ED84-48E6-9198-62ECEAD74FE7}.Release|TwinCAT OS (x64).ActiveCfg = Release|TwinCAT OS (ARMT2)
		{B3D6A0A7-ED84-48E6-9198-62ECEAD74FE7}.Release|TwinCAT RT (x64).ActiveCfg = Release|TwinCAT RT (x64)
		{B3D6A0A7-ED84-48E6-9198-62ECEAD74FE7}.Release|TwinCAT RT (x64).Build.0 = Release|TwinCAT RT (x64)
		{B3D6A0A7-ED84-48E6-9198-62ECEAD74FE7}.Release|TwinCAT RT (x86).ActiveCfg = Release|TwinCAT RT (x86)
		{B3D6A0A7-ED84-48E6-9198-62ECEAD74FE7}.Release|TwinCAT RT (x86).Build.0 = Release|TwinCAT RT (x86)
		{1A289FD8-2FC0-4B29-B34F-E4BF25DBB957}.Debug|TwinCAT CE7 (ARMV7).ActiveCfg = Debug|TwinCAT CE7 (ARMV7)
		{1A289FD8-2FC0-4B29-B34F-E4BF25DBB957}.Debug|TwinCAT CE7 (ARMV7).Build.0 = Debug|TwinCAT CE7 (ARMV7)
		{1A289FD8-2FC0-4B29-B34F-E4BF25DBB957}.Debug|TwinCAT OS (ARMT2).ActiveCfg = Debug|TwinCAT OS (ARMT2)
		{1A289FD8-2FC0-4B29-B34F-E4BF25DBB957}.Debug|TwinCAT OS (ARMT2).Build.0 = Debug|TwinCAT OS (ARMT2)
		{1A289FD8-2FC0-4B29-B34F-E4BF25DBB957}.Debug|TwinCAT OS (x64).ActiveCfg = Debug|TwinCAT OS (ARMT2)
		{1A289FD8-2FC0-4B29-B34F-E4BF25DBB957}.Debug|TwinCAT RT (x64).ActiveCfg = Debug|TwinCAT RT (x64)
		{1A289FD8-2FC0-4B29-B34F-E4BF25DBB957}.Debug|TwinCAT RT (x64).Build.0 = Debug|TwinCAT RT (x64)
		{1A289FD8-2FC0-4B29-B34F-E4BF25DBB957}.Debug|TwinCAT RT (x86).ActiveCfg = Debug|TwinCAT RT (x86)
		{1A289FD8-2FC0-4B29-B34F-E4BF25DBB957}.Debug|TwinCAT RT (x86).Build.0 = Debug|TwinCAT RT (x86)
		{1A289FD8-2FC0-4B29-B34F-E4BF25DBB957}.Release|TwinCAT CE7 (ARMV7).ActiveCfg = Release|TwinCAT CE7 (ARMV7)
		{1A289FD8-2FC0-4B29-B34F-E4BF25DBB957}.Release|TwinCAT CE7 (ARMV7).Build.0 = Release|TwinCAT CE7 (ARMV7)
		{1A289FD8-2FC0-4B29-B34F-E4BF25DBB957}.Release|TwinCAT OS (ARMT2).ActiveCfg = Release|TwinCAT OS (ARMT2)
		{1A289FD8-2FC0-4B29-B34F-E4BF25DBB957}.Release|TwinCAT OS (ARMT2).Build.0 = Release|TwinCAT OS (ARMT2)
		{1A289FD8-2FC0-4B29-B34F-E4BF25DBB957}.Release|TwinCAT OS (x64).ActiveCfg = Release|TwinCAT OS (ARMT2)
		{1A289FD8-2FC0-4B29-B34F-E4BF25DBB957}.Release|TwinCAT RT (x64).ActiveCfg = Release|TwinCAT RT (x64)
		{1A289FD8-2FC0-4B29-B34F-E4BF25DBB957}.Release|TwinCAT RT (x64).Build.0 = Release|TwinCAT RT (x64)
		{1A289FD8-2FC0-4B29-B34F-E4BF25DBB957}.Release|TwinCAT RT (x86).ActiveCfg = Release|TwinCAT RT (x86)
		{1A289FD8-2FC0-4B29-B34F-E4BF25DBB957}.Release|TwinCAT RT (x86).Build.0 = Release|TwinCAT RT (x86)
		{853ED3CD-74B3-4138-BA57-80313F255342}.Debug|TwinCAT CE7 (ARMV7).ActiveCfg = Debug|TwinCAT CE7 (ARMV7)
		{853ED3CD-74B3-4138-BA57-80313F255342}.Debug|TwinCAT CE7 (ARMV7).Build.0 = Debug|TwinCAT CE7 (ARMV7)
		{853ED3CD-74B3-4138-BA57-80313F255342}.Debug|TwinCAT OS (ARMT2).ActiveCfg = Debug|TwinCAT OS (ARMT2)
		{853ED3CD-74B3-4138-BA57-80313F255342}.Debug|TwinCAT OS (ARMT2).Build.0 = Debug|TwinCAT OS (ARMT2)
		{853ED3CD-74B3-4138-BA57-80313F255342}.Debug|TwinCAT OS (x64).ActiveCfg = Debug|TwinCAT OS (ARMT2)
		{853ED3CD-74B3-4138-BA57-80313F255342}.Debug|TwinCAT RT (x64).ActiveCfg = Debug|TwinCAT RT (x64)
		{853ED3CD-74B3-4138-BA57-80313F255342}.Debug|TwinCAT RT (x64).Build.0 = Debug|TwinCAT RT (x64)
		{853ED3CD-74B3-4138-BA57-80313F255342}.Debug|TwinCAT RT (x86).ActiveCfg = Debug|TwinCAT RT (x86)
		{853ED3CD-74B3-4138-BA57-80313F255342}.Debug|TwinCAT RT (x86).Build.0 = Debug|TwinCAT RT (x86)
		{853ED3CD-74B3-4138-BA57-80313F255342}.Release|TwinCAT CE7 (ARMV7).ActiveCfg = Release|TwinCAT CE7 (ARMV7)
		{853ED3CD-74B3-4138-BA57-80313F255342}.Release|TwinCAT CE7 (ARMV7).Build.0 = Release|TwinCAT CE7 (ARMV7)
		{853ED3CD-74B3-4138-BA57-80313F255342}.Release|TwinCAT OS (ARMT2).ActiveCfg = Release|TwinCAT OS (ARMT2)
		{853ED3CD-74B3-4138-BA57-80313F255342}.Release|TwinCAT OS (ARMT2).Build.0 = Release|TwinCAT OS (ARMT2)
		{853ED3CD-74B3-4138-BA57-80313F255342}.Release|TwinCAT OS (x64).ActiveCfg = Release|TwinCAT OS (ARMT2)
		{853ED3CD-74B3-4138-BA57-80313F255342}.Release|TwinCAT RT (x64).ActiveCfg = Release|TwinCAT RT (x64)
		{853ED3CD-74B3-4138-BA57-80313F255342}.Release|TwinCAT RT (x64).Build.0 = Release|TwinCAT RT (x64)
		{853ED3CD-74B3-4138-BA57-80313F255342}.Release|TwinCAT RT (x86).ActiveCfg = Release|TwinCAT RT (x86)
		{853ED3CD-74B3-4138-BA57-80313F255342}.Release|TwinCAT RT (x86).Build.0 = Release|TwinCAT RT (x86)
		{F0805246-0AA6-47FE-8B87-912C50923AED}.Debug|TwinCAT CE7 (ARMV7).ActiveCfg = Debug|TwinCAT CE7 (ARMV7)
		{F0805246-0AA6-47FE-8B87-912C50923AED}.Debug|TwinCAT CE7 (ARMV7).Build.0 = Debug|TwinCAT CE7 (ARMV7)
		{F0805246-0AA6-47FE-8B87-912C50923AED}.Debug|TwinCAT OS (ARMT2).ActiveCfg = Debug|TwinCAT OS (ARMT2)
		{F0805246-0AA6-47FE-8B87-912C50923AED}.Debug|TwinCAT OS (ARMT2).Build.0 = Debug|TwinCAT OS (ARMT2)
		{F0805246-0AA6-47FE-8B87-912C50923AED}.Debug|TwinCAT OS (x64).ActiveCfg = Debug|TwinCAT OS (ARMT2)
		{F0805246-0AA6-47FE-8B87-912C50923AED}.Debug|TwinCAT RT (x64).ActiveCfg = Debug|TwinCAT RT (x64)
		{F0805246-0AA6-47FE-8B87-912C50923AED}.Debug|TwinCAT RT (x64).Build.0 = Debug|TwinCAT RT (x64)
		{F0805246-0AA6-47FE-8B87-912C50923AED}.Debug|TwinCAT RT (x86).ActiveCfg = Debug|TwinCAT RT (x86)
		{F0805246-0AA6-47FE-8B87-912C50923AED}.Debug|TwinCAT RT (x86).Build.0 = Debug|TwinCAT RT (x86)
		{F0805246-0AA6-47FE-8B87-912C50923AED}.Release|TwinCAT CE7 (ARMV7).ActiveCfg = Release|TwinCAT CE7 (ARMV7)
		{F0805246-0AA6-47FE-8B87-912C50923AED}.Release|TwinCAT CE7 (ARMV7).Build.0 = Release|TwinCAT CE7 (ARMV7)
		{F0805246-0AA6-47FE-8B87-912C50923AED}.Release|TwinCAT OS (ARMT2).ActiveCfg = Release|TwinCAT OS (ARMT2)
		{F0805246-0AA6-47FE-8B87-912C50923AED}.Release|TwinCAT OS (ARMT2).Build.0 = Release|TwinCAT OS (ARMT2)
		{F0805246-0AA6-47FE-8B87-912C50923AED}.Release|TwinCAT OS (x64).ActiveCfg = Release|TwinCAT OS (ARMT2)
		{F0805246-0AA6-47FE-8B87-912C50923AED}.Release|TwinCAT RT (x64).ActiveCfg = Release|TwinCAT RT (x64)
		{F0805246-0AA6-47FE-8B87-912C50923AED}.Release|TwinCAT RT (x64).Build.0 = Release|TwinCAT RT (x64)
		{F0805246-0AA6-47FE-8B87-912C50923AED}.Release|TwinCAT RT (x86).ActiveCfg = Release|TwinCAT RT (x86)
		{F0805246-0AA6-47FE-8B87-912C50923AED}.Release|TwinCAT RT (x86).Build.0 = Release|TwinCAT RT (x86)
		{8B7A2183-98AA-4B38-838C-AC9CBDB864F6}.Debug|TwinCAT CE7 (ARMV7).ActiveCfg = Debug|TwinCAT CE7 (ARMV7)
		{8B7A2183-98AA-4B38-838C-AC9CBDB864F6}.Debug|TwinCAT CE7 (ARMV7).Build.0 = Debug|TwinCAT CE7 (ARMV7)
		{8B7A2183-98AA-4B38-838C-AC9CBDB864F6}.Debug|TwinCAT OS (ARMT2).ActiveCfg = Debug|TwinCAT OS (ARMT2)
		{8B7A2183-98AA-4B38-838C-AC9CBDB864F6}.Debug|TwinCAT OS (ARMT2).Build.0 = Debug|TwinCAT OS (ARMT2)
		{8B7A2183-98AA-4B38-838C-AC9CBDB864F6}.Debug|TwinCAT OS (x64).ActiveCfg = Debug|TwinCAT OS (ARMT2)
		{8B7A2183-98AA-4B38-838C-AC9CBDB864F6}.Debug|TwinCAT RT (x64).ActiveCfg = Debug|TwinCAT RT (x64)
		{8B7A2183-98AA-4B38-838C-AC9CBDB864F6}.Debug|TwinCAT RT (x64).Build.0 = Debug|TwinCAT RT (x64)
		{8B7A2183-98AA-4B38-838C-AC9CBDB864F6}.Debug|TwinCAT RT (x86).ActiveCfg = Debug|TwinCAT RT (x86)
		{8B7A2183-98AA-4B38-838C-AC9CBDB864F6}.Debug|TwinCAT RT (x86).Build.0 = Debug|TwinCAT RT (x86)
		{8B7A2183-98AA-4B38-838C-AC9CBDB864F6}.Release|TwinCAT CE7 (ARMV7).ActiveCfg = Release|TwinCAT CE7 (ARMV7)
		{8B7A2183-98AA-4B38-838C-AC9CBDB864F6}.Release|TwinCAT CE7 (ARMV7).Build.0 = Release|TwinCAT CE7 (ARMV7)
		{8B7A2183-98AA-4B38-838C-AC9CBDB864F6}.Release|TwinCAT OS (ARMT2).ActiveCfg = Release|TwinCAT OS (ARMT2)
		{8B7A2183-98AA-4B38-838C-AC9CBDB864F6}.Release|TwinCAT OS (ARMT2).Build.0 = Release|TwinCAT OS (ARMT2)
		{8B7A2183-98AA-4B38-838C-AC9CBDB864F6}.Release|TwinCAT OS (x64).ActiveCfg = Release|TwinCAT OS (ARMT2)
		{8B7A2183-98AA-4B38-838C-AC9CBDB864F6}.Release|TwinCAT RT (x64).ActiveCfg = Release|TwinCAT RT (x64)
		{8B7A2183-98AA-4B38-838C-AC9CBDB864F6}.Release|TwinCAT RT (x64).Build.0 = Release|TwinCAT RT (x64)
		{8B7A2183-98AA-4B38-838C-AC9CBDB864F6}.Release|TwinCAT RT (x86).ActiveCfg = Release|TwinCAT RT (x86)
		{8B7A2183-98AA-4B38-838C-AC9CBDB864F6}.Release|TwinCAT RT (x86).Build.0 = Release|TwinCAT RT (x86)
		{37A8859C-75E5-445A-AD58-36D4493673EC}.Debug|TwinCAT CE7 (ARMV7).ActiveCfg = Debug|TwinCAT CE7 (ARMV7)
		{37A8859C-75E5-445A-AD58-36D4493673EC}.Debug|TwinCAT CE7 (ARMV7).Build.0 = Debug|TwinCAT CE7 (ARMV7)
		{37A8859C-75E5-445A-AD58-36D4493673EC}.Debug|TwinCAT OS (ARMT2).ActiveCfg = Debug|TwinCAT OS (ARMT2)
		{37A8859C-75E5-445A-AD58-36D4493673EC}.Debug|TwinCAT OS (ARMT2).Build.0 = Debug|TwinCAT OS (ARMT2)
		{37A8859C-75E5-445A-AD58-36D4493673EC}.Debug|TwinCAT OS (x64).ActiveCfg = Debug|TwinCAT OS (ARMT2)
		{37A8859C-75E5-445A-AD58-36D4493673EC}.Debug|TwinCAT RT (x64).ActiveCfg = Debug|TwinCAT RT (x64)
		{37A8859C-75E5-445A-AD58-36D4493673EC}.Debug|TwinCAT RT (x64).Build.0 = Debug|TwinCAT RT (x64)
		{37A8859C-75E5-445A-AD58-36D4493673EC}.Debug|TwinCAT RT (x86).ActiveCfg = Debug|TwinCAT RT (x86)
		{37A8859C-75E5-445A-AD58-36D4493673EC}.Debug|TwinCAT RT (x86).Build.0 = Debug|TwinCAT RT (x86)
		{37A8859C-75E5-445A-AD58-36D4493673EC}.Release|TwinCAT CE7 (ARMV7).ActiveCfg = Release|TwinCAT CE7 (ARMV7)
		{37A8859C-75E5-445A-AD58-36D4493673EC}.Release|TwinCAT CE7 (ARMV7).Build.0 = Release|TwinCAT CE7 (ARMV7)
		{37A8859C-75E5-445A-AD58-36D4493673EC}.Release|TwinCAT OS (ARMT2).ActiveCfg = Release|TwinCAT OS (ARMT2)
		{37A8859C-75E5-445A-AD58-36D4493673EC}.Release|TwinCAT OS (ARMT2).Build.0 = Release|TwinCAT OS (ARMT2)
		{37A8859C-75E5-445A-AD58-36D4493673EC}.Release|TwinCAT OS (x64).ActiveCfg = Release|TwinCAT OS (ARMT2)
		{37A8859C-75E5-445A-AD58-36D4493673EC}.Release|TwinCAT RT (x64).ActiveCfg = Release|TwinCAT RT (x64)
		{37A8859C-75E5-445A-AD58-36D4493673EC}.Release|TwinCAT RT (x64).Build.0 = Release|TwinCAT RT (x64)
		{37A8859C-75E5-445A-AD58-36D4493673EC}.Release|TwinCAT RT (x86).ActiveCfg = Release|TwinCAT RT (x86)
		{37A8859C-75E5-445A-AD58-36D4493673EC}.Release|TwinCAT RT (x86).Build.0 = Release|TwinCAT RT (x86)
	EndGlobalSection
	GlobalSection(SolutionProperties) = preSolution
		HideSolutionNode = FALSE
	EndGlobalSection
	GlobalSection(ExtensibilityGlobals) = postSolution
		SolutionGuid = {DEA1FF7F-A673-45BB-8F67-559CFE0CCEDA}
	EndGlobalSection
EndGlobal
