
Microsoft Visual Studio Solution File, Format Version 12.00
# TcXaeShell Solution File, Format Version 11.00
VisualStudioVersion = 15.0.35116.124
MinimumVisualStudioVersion = 10.0.40219.1
Project("{B1E792BE-AA5F-4E3C-8C82-674BF9C0715B}") = "LWLine", "LWLine.tsproj", "{47A695EF-D762-4449-A557-69A8CDE38A13}"
EndProject
Project("{23D6B0B7-CBAA-4070-A2AF-F2FCE2506A3D}") = "TwinCAT Drive Manager 2 Project1", "..\TwinCAT Drive Manager 2 Project1\TwinCAT Drive Manager 2 Project1.tcdmproj", "{BB0FB900-1CC0-4447-B7B1-DD349DCD24F4}"
EndProject
Project("{FD9F1D59-E000-42F3-8744-88DE1BE93C06}") = "TwinCAT Measurement Project1", "..\TwinCAT Measurement Project1\TwinCAT Measurement Project1.tcmproj", "{FF83FDBC-A893-4A99-9990-55DC8705813D}"
EndProject
Project("{23D6B0B7-CBAA-4070-A2AF-F2FCE2506A3D}") = "TwinCAT Drive Manager 2 Project2", "..\TwinCAT Drive Manager 2 Project2\TwinCAT Drive Manager 2 Project2.tcdmproj", "{CADB2FEC-035A-45F8-B31E-7FD557E6C895}"
EndProject
Global
	GlobalSection(SolutionConfigurationPlatforms) = preSolution
		Debug|TwinCAT CE7 (ARMV7) = Debug|TwinCAT CE7 (ARMV7)
		Debug|TwinCAT OS (ARMT2) = Debug|TwinCAT OS (ARMT2)
		Debug|TwinCAT OS (x64) = Debug|TwinCAT OS (x64)
		Debug|TwinCAT RT (x64) = Debug|TwinCAT RT (x64)
		Debug|TwinCAT RT (x86) = Debug|TwinCAT RT (x86)
		Release|TwinCAT CE7 (ARMV7) = Release|TwinCAT CE7 (ARMV7)
		Release|TwinCAT OS (ARMT2) = Release|TwinCAT OS (ARMT2)
		Release|TwinCAT OS (x64) = Release|TwinCAT OS (x64)
		Release|TwinCAT RT (x64) = Release|TwinCAT RT (x64)
		Release|TwinCAT RT (x86) = Release|TwinCAT RT (x86)
	EndGlobalSection
	GlobalSection(ProjectConfigurationPlatforms) = postSolution
		{47A695EF-D762-4449-A557-69A8CDE38A13}.Debug|TwinCAT CE7 (ARMV7).ActiveCfg = Debug|TwinCAT CE7 (ARMV7)
		{47A695EF-D762-4449-A557-69A8CDE38A13}.Debug|TwinCAT CE7 (ARMV7).Build.0 = Debug|TwinCAT CE7 (ARMV7)
		{47A695EF-D762-4449-A557-69A8CDE38A13}.Debug|TwinCAT OS (ARMT2).ActiveCfg = Debug|TwinCAT OS (ARMT2)
		{47A695EF-D762-4449-A557-69A8CDE38A13}.Debug|TwinCAT OS (ARMT2).Build.0 = Debug|TwinCAT OS (ARMT2)
		{47A695EF-D762-4449-A557-69A8CDE38A13}.Debug|TwinCAT OS (x64).ActiveCfg = Debug|TwinCAT OS (ARMT2)
		{47A695EF-D762-4449-A557-69A8CDE38A13}.Debug|TwinCAT RT (x64).ActiveCfg = Debug|TwinCAT RT (x64)
		{47A695EF-D762-4449-A557-69A8CDE38A13}.Debug|TwinCAT RT (x64).Build.0 = Debug|TwinCAT RT (x64)
		{47A695EF-D762-4449-A557-69A8CDE38A13}.Debug|TwinCAT RT (x86).ActiveCfg = Debug|TwinCAT RT (x86)
		{47A695EF-D762-4449-A557-69A8CDE38A13}.Debug|TwinCAT RT (x86).Build.0 = Debug|TwinCAT RT (x86)
		{47A695EF-D762-4449-A557-69A8CDE38A13}.Release|TwinCAT CE7 (ARMV7).ActiveCfg = Release|TwinCAT CE7 (ARMV7)
		{47A695EF-D762-4449-A557-69A8CDE38A13}.Release|TwinCAT CE7 (ARMV7).Build.0 = Release|TwinCAT CE7 (ARMV7)
		{47A695EF-D762-4449-A557-69A8CDE38A13}.Release|TwinCAT OS (ARMT2).ActiveCfg = Release|TwinCAT OS (ARMT2)
		{47A695EF-D762-4449-A557-69A8CDE38A13}.Release|TwinCAT OS (ARMT2).Build.0 = Release|TwinCAT OS (ARMT2)
		{47A695EF-D762-4449-A557-69A8CDE38A13}.Release|TwinCAT OS (x64).ActiveCfg = Release|TwinCAT OS (ARMT2)
		{47A695EF-D762-4449-A557-69A8CDE38A13}.Release|TwinCAT RT (x64).ActiveCfg = Release|TwinCAT RT (x64)
		{47A695EF-D762-4449-A557-69A8CDE38A13}.Release|TwinCAT RT (x64).Build.0 = Release|TwinCAT RT (x64)
		{47A695EF-D762-4449-A557-69A8CDE38A13}.Release|TwinCAT RT (x86).ActiveCfg = Release|TwinCAT RT (x86)
		{47A695EF-D762-4449-A557-69A8CDE38A13}.Release|TwinCAT RT (x86).Build.0 = Release|TwinCAT RT (x86)
		{BB0FB900-1CC0-4447-B7B1-DD349DCD24F4}.Debug|TwinCAT CE7 (ARMV7).ActiveCfg = Debug|TwinCAT CE7 (ARMV7)
		{BB0FB900-1CC0-4447-B7B1-DD349DCD24F4}.Debug|TwinCAT OS (ARMT2).ActiveCfg = Debug|TwinCAT OS (ARMT2)
		{BB0FB900-1CC0-4447-B7B1-DD349DCD24F4}.Debug|TwinCAT OS (x64).ActiveCfg = Debug|TwinCAT OS (x64)
		{BB0FB900-1CC0-4447-B7B1-DD349DCD24F4}.Debug|TwinCAT RT (x64).ActiveCfg = Debug|TwinCAT RT (x64)
		{BB0FB900-1CC0-4447-B7B1-DD349DCD24F4}.Debug|TwinCAT RT (x86).ActiveCfg = Debug|TwinCAT RT (x86)
		{BB0FB900-1CC0-4447-B7B1-DD349DCD24F4}.Release|TwinCAT CE7 (ARMV7).ActiveCfg = Release|TwinCAT CE7 (ARMV7)
		{BB0FB900-1CC0-4447-B7B1-DD349DCD24F4}.Release|TwinCAT OS (ARMT2).ActiveCfg = Release|TwinCAT OS (ARMT2)
		{BB0FB900-1CC0-4447-B7B1-DD349DCD24F4}.Release|TwinCAT OS (x64).ActiveCfg = Release|TwinCAT OS (x64)
		{BB0FB900-1CC0-4447-B7B1-DD349DCD24F4}.Release|TwinCAT RT (x64).ActiveCfg = Release|TwinCAT RT (x64)
		{BB0FB900-1CC0-4447-B7B1-DD349DCD24F4}.Release|TwinCAT RT (x86).ActiveCfg = Release|TwinCAT RT (x86)
		{FF83FDBC-A893-4A99-9990-55DC8705813D}.Debug|TwinCAT CE7 (ARMV7).ActiveCfg = Debug|TwinCAT CE7 (ARMV7)
		{FF83FDBC-A893-4A99-9990-55DC8705813D}.Debug|TwinCAT OS (ARMT2).ActiveCfg = Debug|TwinCAT OS (ARMT2)
		{FF83FDBC-A893-4A99-9990-55DC8705813D}.Debug|TwinCAT OS (x64).ActiveCfg = Debug|TwinCAT OS (x64)
		{FF83FDBC-A893-4A99-9990-55DC8705813D}.Debug|TwinCAT RT (x64).ActiveCfg = Debug|TwinCAT RT (x64)
		{FF83FDBC-A893-4A99-9990-55DC8705813D}.Debug|TwinCAT RT (x86).ActiveCfg = Debug|TwinCAT RT (x86)
		{FF83FDBC-A893-4A99-9990-55DC8705813D}.Release|TwinCAT CE7 (ARMV7).ActiveCfg = Release|TwinCAT CE7 (ARMV7)
		{FF83FDBC-A893-4A99-9990-55DC8705813D}.Release|TwinCAT OS (ARMT2).ActiveCfg = Release|TwinCAT OS (ARMT2)
		{FF83FDBC-A893-4A99-9990-55DC8705813D}.Release|TwinCAT OS (x64).ActiveCfg = Release|TwinCAT OS (x64)
		{FF83FDBC-A893-4A99-9990-55DC8705813D}.Release|TwinCAT RT (x64).ActiveCfg = Release|TwinCAT RT (x64)
		{FF83FDBC-A893-4A99-9990-55DC8705813D}.Release|TwinCAT RT (x86).ActiveCfg = Release|TwinCAT RT (x86)
		{776C2C8B-9B66-4F07-8B00-3830775703A3}.Debug|TwinCAT CE7 (ARMV7).ActiveCfg = Debug|TwinCAT CE7 (ARMV7)
		{776C2C8B-9B66-4F07-8B00-3830775703A3}.Debug|TwinCAT CE7 (ARMV7).Build.0 = Debug|TwinCAT CE7 (ARMV7)
		{776C2C8B-9B66-4F07-8B00-3830775703A3}.Debug|TwinCAT OS (ARMT2).ActiveCfg = Debug|TwinCAT OS (ARMT2)
		{776C2C8B-9B66-4F07-8B00-3830775703A3}.Debug|TwinCAT OS (ARMT2).Build.0 = Debug|TwinCAT OS (ARMT2)
		{776C2C8B-9B66-4F07-8B00-3830775703A3}.Debug|TwinCAT OS (x64).ActiveCfg = Debug|TwinCAT OS (ARMT2)
		{776C2C8B-9B66-4F07-8B00-3830775703A3}.Debug|TwinCAT RT (x64).ActiveCfg = Debug|TwinCAT RT (x64)
		{776C2C8B-9B66-4F07-8B00-3830775703A3}.Debug|TwinCAT RT (x64).Build.0 = Debug|TwinCAT RT (x64)
		{776C2C8B-9B66-4F07-8B00-3830775703A3}.Debug|TwinCAT RT (x86).ActiveCfg = Debug|TwinCAT RT (x86)
		{776C2C8B-9B66-4F07-8B00-3830775703A3}.Debug|TwinCAT RT (x86).Build.0 = Debug|TwinCAT RT (x86)
		{776C2C8B-9B66-4F07-8B00-3830775703A3}.Release|TwinCAT CE7 (ARMV7).ActiveCfg = Release|TwinCAT CE7 (ARMV7)
		{776C2C8B-9B66-4F07-8B00-3830775703A3}.Release|TwinCAT CE7 (ARMV7).Build.0 = Release|TwinCAT CE7 (ARMV7)
		{776C2C8B-9B66-4F07-8B00-3830775703A3}.Release|TwinCAT OS (ARMT2).ActiveCfg = Release|TwinCAT OS (ARMT2)
		{776C2C8B-9B66-4F07-8B00-3830775703A3}.Release|TwinCAT OS (ARMT2).Build.0 = Release|TwinCAT OS (ARMT2)
		{776C2C8B-9B66-4F07-8B00-3830775703A3}.Release|TwinCAT OS (x64).ActiveCfg = Release|TwinCAT OS (ARMT2)
		{776C2C8B-9B66-4F07-8B00-3830775703A3}.Release|TwinCAT RT (x64).ActiveCfg = Release|TwinCAT RT (x64)
		{776C2C8B-9B66-4F07-8B00-3830775703A3}.Release|TwinCAT RT (x64).Build.0 = Release|TwinCAT RT (x64)
		{776C2C8B-9B66-4F07-8B00-3830775703A3}.Release|TwinCAT RT (x86).ActiveCfg = Release|TwinCAT RT (x86)
		{776C2C8B-9B66-4F07-8B00-3830775703A3}.Release|TwinCAT RT (x86).Build.0 = Release|TwinCAT RT (x86)
		{6B169367-D7F9-4BF7-BDC9-DB2D911660B4}.Debug|TwinCAT CE7 (ARMV7).ActiveCfg = Debug|TwinCAT CE7 (ARMV7)
		{6B169367-D7F9-4BF7-BDC9-DB2D911660B4}.Debug|TwinCAT CE7 (ARMV7).Build.0 = Debug|TwinCAT CE7 (ARMV7)
		{6B169367-D7F9-4BF7-BDC9-DB2D911660B4}.Debug|TwinCAT OS (ARMT2).ActiveCfg = Debug|TwinCAT OS (ARMT2)
		{6B169367-D7F9-4BF7-BDC9-DB2D911660B4}.Debug|TwinCAT OS (ARMT2).Build.0 = Debug|TwinCAT OS (ARMT2)
		{6B169367-D7F9-4BF7-BDC9-DB2D911660B4}.Debug|TwinCAT OS (x64).ActiveCfg = Debug|TwinCAT OS (ARMT2)
		{6B169367-D7F9-4BF7-BDC9-DB2D911660B4}.Debug|TwinCAT RT (x64).ActiveCfg = Debug|TwinCAT RT (x64)
		{6B169367-D7F9-4BF7-BDC9-DB2D911660B4}.Debug|TwinCAT RT (x64).Build.0 = Debug|TwinCAT RT (x64)
		{6B169367-D7F9-4BF7-BDC9-DB2D911660B4}.Debug|TwinCAT RT (x86).ActiveCfg = Debug|TwinCAT RT (x86)
		{6B169367-D7F9-4BF7-BDC9-DB2D911660B4}.Debug|TwinCAT RT (x86).Build.0 = Debug|TwinCAT RT (x86)
		{6B169367-D7F9-4BF7-BDC9-DB2D911660B4}.Release|TwinCAT CE7 (ARMV7).ActiveCfg = Release|TwinCAT CE7 (ARMV7)
		{6B169367-D7F9-4BF7-BDC9-DB2D911660B4}.Release|TwinCAT CE7 (ARMV7).Build.0 = Release|TwinCAT CE7 (ARMV7)
		{6B169367-D7F9-4BF7-BDC9-DB2D911660B4}.Release|TwinCAT OS (ARMT2).ActiveCfg = Release|TwinCAT OS (ARMT2)
		{6B169367-D7F9-4BF7-BDC9-DB2D911660B4}.Release|TwinCAT OS (ARMT2).Build.0 = Release|TwinCAT OS (ARMT2)
		{6B169367-D7F9-4BF7-BDC9-DB2D911660B4}.Release|TwinCAT OS (x64).ActiveCfg = Release|TwinCAT OS (ARMT2)
		{6B169367-D7F9-4BF7-BDC9-DB2D911660B4}.Release|TwinCAT RT (x64).ActiveCfg = Release|TwinCAT RT (x64)
		{6B169367-D7F9-4BF7-BDC9-DB2D911660B4}.Release|TwinCAT RT (x64).Build.0 = Release|TwinCAT RT (x64)
		{6B169367-D7F9-4BF7-BDC9-DB2D911660B4}.Release|TwinCAT RT (x86).ActiveCfg = Release|TwinCAT RT (x86)
		{6B169367-D7F9-4BF7-BDC9-DB2D911660B4}.Release|TwinCAT RT (x86).Build.0 = Release|TwinCAT RT (x86)
		{1A289FD8-2FC0-4B29-B34F-E4BF25DBB957}.Debug|TwinCAT CE7 (ARMV7).ActiveCfg = Debug|TwinCAT CE7 (ARMV7)
		{1A289FD8-2FC0-4B29-B34F-E4BF25DBB957}.Debug|TwinCAT CE7 (ARMV7).Build.0 = Debug|TwinCAT CE7 (ARMV7)
		{1A289FD8-2FC0-4B29-B34F-E4BF25DBB957}.Debug|TwinCAT OS (ARMT2).ActiveCfg = Debug|TwinCAT OS (ARMT2)
		{1A289FD8-2FC0-4B29-B34F-E4BF25DBB957}.Debug|TwinCAT OS (ARMT2).Build.0 = Debug|TwinCAT OS (ARMT2)
		{1A289FD8-2FC0-4B29-B34F-E4BF25DBB957}.Debug|TwinCAT OS (x64).ActiveCfg = Debug|TwinCAT OS (ARMT2)
		{1A289FD8-2FC0-4B29-B34F-E4BF25DBB957}.Debug|TwinCAT RT (x64).ActiveCfg = Debug|TwinCAT RT (x64)
		{1A289FD8-2FC0-4B29-B34F-E4BF25DBB957}.Debug|TwinCAT RT (x64).Build.0 = Debug|TwinCAT RT (x64)
		{1A289FD8-2FC0-4B29-B34F-E4BF25DBB957}.Debug|TwinCAT RT (x86).ActiveCfg = Debug|TwinCAT RT (x86)
		{1A289FD8-2FC0-4B29-B34F-E4BF25DBB957}.Debug|TwinCAT RT (x86).Build.0 = Debug|TwinCAT RT (x86)
		{1A289FD8-2FC0-4B29-B34F-E4BF25DBB957}.Release|TwinCAT CE7 (ARMV7).ActiveCfg = Release|TwinCAT CE7 (ARMV7)
		{1A289FD8-2FC0-4B29-B34F-E4BF25DBB957}.Release|TwinCAT CE7 (ARMV7).Build.0 = Release|TwinCAT CE7 (ARMV7)
		{1A289FD8-2FC0-4B29-B34F-E4BF25DBB957}.Release|TwinCAT OS (ARMT2).ActiveCfg = Release|TwinCAT OS (ARMT2)
		{1A289FD8-2FC0-4B29-B34F-E4BF25DBB957}.Release|TwinCAT OS (ARMT2).Build.0 = Release|TwinCAT OS (ARMT2)
		{1A289FD8-2FC0-4B29-B34F-E4BF25DBB957}.Release|TwinCAT OS (x64).ActiveCfg = Release|TwinCAT OS (ARMT2)
		{1A289FD8-2FC0-4B29-B34F-E4BF25DBB957}.Release|TwinCAT RT (x64).ActiveCfg = Release|TwinCAT RT (x64)
		{1A289FD8-2FC0-4B29-B34F-E4BF25DBB957}.Release|TwinCAT RT (x64).Build.0 = Release|TwinCAT RT (x64)
		{1A289FD8-2FC0-4B29-B34F-E4BF25DBB957}.Release|TwinCAT RT (x86).ActiveCfg = Release|TwinCAT RT (x86)
		{1A289FD8-2FC0-4B29-B34F-E4BF25DBB957}.Release|TwinCAT RT (x86).Build.0 = Release|TwinCAT RT (x86)
		{CADB2FEC-035A-45F8-B31E-7FD557E6C895}.Debug|TwinCAT CE7 (ARMV7).ActiveCfg = Debug|TwinCAT CE7 (ARMV7)
		{CADB2FEC-035A-45F8-B31E-7FD557E6C895}.Debug|TwinCAT OS (ARMT2).ActiveCfg = Debug|TwinCAT OS (ARMT2)
		{CADB2FEC-035A-45F8-B31E-7FD557E6C895}.Debug|TwinCAT OS (x64).ActiveCfg = Debug|TwinCAT OS (x64)
		{CADB2FEC-035A-45F8-B31E-7FD557E6C895}.Debug|TwinCAT RT (x64).ActiveCfg = Debug|TwinCAT RT (x64)
		{CADB2FEC-035A-45F8-B31E-7FD557E6C895}.Debug|TwinCAT RT (x86).ActiveCfg = Debug|TwinCAT RT (x86)
		{CADB2FEC-035A-45F8-B31E-7FD557E6C895}.Release|TwinCAT CE7 (ARMV7).ActiveCfg = Release|TwinCAT CE7 (ARMV7)
		{CADB2FEC-035A-45F8-B31E-7FD557E6C895}.Release|TwinCAT OS (ARMT2).ActiveCfg = Release|TwinCAT OS (ARMT2)
		{CADB2FEC-035A-45F8-B31E-7FD557E6C895}.Release|TwinCAT OS (x64).ActiveCfg = Release|TwinCAT OS (x64)
		{CADB2FEC-035A-45F8-B31E-7FD557E6C895}.Release|TwinCAT RT (x64).ActiveCfg = Release|TwinCAT RT (x64)
		{CADB2FEC-035A-45F8-B31E-7FD557E6C895}.Release|TwinCAT RT (x86).ActiveCfg = Release|TwinCAT RT (x86)
	EndGlobalSection
	GlobalSection(SolutionProperties) = preSolution
		HideSolutionNode = FALSE
	EndGlobalSection
	GlobalSection(ExtensibilityGlobals) = postSolution
		SolutionGuid = {73E1BCBC-C9FE-48EB-A7A7-A97DAC071195}
	EndGlobalSection
EndGlobal
