
Microsoft Visual Studio Solution File, Format Version 12.00
# TcXaeShell Solution File, Format Version 11.00
VisualStudioVersion = 15.0.35826.109
MinimumVisualStudioVersion = 10.0.40219.1
Project("{B1E792BE-AA5F-4E3C-8C82-674BF9C0715B}") = "LWLine", "LWLine.tsproj", "{47A695EF-D762-4449-A557-69A8CDE38A13}"
EndProject
Project("{23D6B0B7-CBAA-4070-A2AF-F2FCE2506A3D}") = "TwinCAT Drive Manager 2 Project1", "..\TwinCAT Drive Manager 2 Project1\TwinCAT Drive Manager 2 Project1.tcdmproj", "{001F577D-28D8-4369-A3AB-C53382C89EDD}"
EndProject
Global
	GlobalSection(SolutionConfigurationPlatforms) = preSolution
		Debug|TwinCAT CE7 (ARMV7) = Debug|TwinCAT CE7 (ARMV7)
		Debug|TwinCAT OS (ARMT2) = Debug|TwinCAT OS (ARMT2)
		Debug|TwinCAT OS (x64) = Debug|TwinCAT OS (x64)
		Debug|TwinCAT RT (x64) = Debug|TwinCAT RT (x64)
		Debug|TwinCAT RT (x86) = Debug|TwinCAT RT (x86)
		Release|TwinCAT CE7 (ARMV7) = Release|TwinCAT CE7 (ARMV7)
		Release|TwinCAT OS (ARMT2) = Release|TwinCAT OS (ARMT2)
		Release|TwinCAT OS (x64) = Release|TwinCAT OS (x64)
		Release|TwinCAT RT (x64) = Release|TwinCAT RT (x64)
		Release|TwinCAT RT (x86) = Release|TwinCAT RT (x86)
	EndGlobalSection
	GlobalSection(ProjectConfigurationPlatforms) = postSolution
		{47A695EF-D762-4449-A557-69A8CDE38A13}.Debug|TwinCAT CE7 (ARMV7).ActiveCfg = Debug|TwinCAT CE7 (ARMV7)
		{47A695EF-D762-4449-A557-69A8CDE38A13}.Debug|TwinCAT CE7 (ARMV7).Build.0 = Debug|TwinCAT CE7 (ARMV7)
		{47A695EF-D762-4449-A557-69A8CDE38A13}.Debug|TwinCAT OS (ARMT2).ActiveCfg = Debug|TwinCAT OS (ARMT2)
		{47A695EF-D762-4449-A557-69A8CDE38A13}.Debug|TwinCAT OS (ARMT2).Build.0 = Debug|TwinCAT OS (ARMT2)
		{47A695EF-D762-4449-A557-69A8CDE38A13}.Debug|TwinCAT OS (x64).ActiveCfg = Debug|TwinCAT OS (ARMT2)
		{47A695EF-D762-4449-A557-69A8CDE38A13}.Debug|TwinCAT RT (x64).ActiveCfg = Debug|TwinCAT RT (x64)
		{47A695EF-D762-4449-A557-69A8CDE38A13}.Debug|TwinCAT RT (x64).Build.0 = Debug|TwinCAT RT (x64)
		{47A695EF-D762-4449-A557-69A8CDE38A13}.Debug|TwinCAT RT (x86).ActiveCfg = Debug|TwinCAT RT (x86)
		{47A695EF-D762-4449-A557-69A8CDE38A13}.Debug|TwinCAT RT (x86).Build.0 = Debug|TwinCAT RT (x86)
		{47A695EF-D762-4449-A557-69A8CDE38A13}.Release|TwinCAT CE7 (ARMV7).ActiveCfg = Release|TwinCAT CE7 (ARMV7)
		{47A695EF-D762-4449-A557-69A8CDE38A13}.Release|TwinCAT CE7 (ARMV7).Build.0 = Release|TwinCAT CE7 (ARMV7)
		{47A695EF-D762-4449-A557-69A8CDE38A13}.Release|TwinCAT OS (ARMT2).ActiveCfg = Release|TwinCAT OS (ARMT2)
		{47A695EF-D762-4449-A557-69A8CDE38A13}.Release|TwinCAT OS (ARMT2).Build.0 = Release|TwinCAT OS (ARMT2)
		{47A695EF-D762-4449-A557-69A8CDE38A13}.Release|TwinCAT OS (x64).ActiveCfg = Release|TwinCAT OS (ARMT2)
		{47A695EF-D762-4449-A557-69A8CDE38A13}.Release|TwinCAT RT (x64).ActiveCfg = Release|TwinCAT RT (x64)
		{47A695EF-D762-4449-A557-69A8CDE38A13}.Release|TwinCAT RT (x64).Build.0 = Release|TwinCAT RT (x64)
		{47A695EF-D762-4449-A557-69A8CDE38A13}.Release|TwinCAT RT (x86).ActiveCfg = Release|TwinCAT RT (x86)
		{47A695EF-D762-4449-A557-69A8CDE38A13}.Release|TwinCAT RT (x86).Build.0 = Release|TwinCAT RT (x86)
		{E887CDCC-E40B-4579-B5DF-0A88E6DD4E5F}.Debug|TwinCAT CE7 (ARMV7).ActiveCfg = Debug|TwinCAT CE7 (ARMV7)
		{E887CDCC-E40B-4579-B5DF-0A88E6DD4E5F}.Debug|TwinCAT CE7 (ARMV7).Build.0 = Debug|TwinCAT CE7 (ARMV7)
		{E887CDCC-E40B-4579-B5DF-0A88E6DD4E5F}.Debug|TwinCAT OS (ARMT2).ActiveCfg = Debug|TwinCAT OS (ARMT2)
		{E887CDCC-E40B-4579-B5DF-0A88E6DD4E5F}.Debug|TwinCAT OS (ARMT2).Build.0 = Debug|TwinCAT OS (ARMT2)
		{E887CDCC-E40B-4579-B5DF-0A88E6DD4E5F}.Debug|TwinCAT OS (x64).ActiveCfg = Debug|TwinCAT OS (ARMT2)
		{E887CDCC-E40B-4579-B5DF-0A88E6DD4E5F}.Debug|TwinCAT RT (x64).ActiveCfg = Debug|TwinCAT RT (x64)
		{E887CDCC-E40B-4579-B5DF-0A88E6DD4E5F}.Debug|TwinCAT RT (x64).Build.0 = Debug|TwinCAT RT (x64)
		{E887CDCC-E40B-4579-B5DF-0A88E6DD4E5F}.Debug|TwinCAT RT (x86).ActiveCfg = Debug|TwinCAT RT (x86)
		{E887CDCC-E40B-4579-B5DF-0A88E6DD4E5F}.Debug|TwinCAT RT (x86).Build.0 = Debug|TwinCAT RT (x86)
		{E887CDCC-E40B-4579-B5DF-0A88E6DD4E5F}.Release|TwinCAT CE7 (ARMV7).ActiveCfg = Release|TwinCAT CE7 (ARMV7)
		{E887CDCC-E40B-4579-B5DF-0A88E6DD4E5F}.Release|TwinCAT CE7 (ARMV7).Build.0 = Release|TwinCAT CE7 (ARMV7)
		{E887CDCC-E40B-4579-B5DF-0A88E6DD4E5F}.Release|TwinCAT OS (ARMT2).ActiveCfg = Release|TwinCAT OS (ARMT2)
		{E887CDCC-E40B-4579-B5DF-0A88E6DD4E5F}.Release|TwinCAT OS (ARMT2).Build.0 = Release|TwinCAT OS (ARMT2)
		{E887CDCC-E40B-4579-B5DF-0A88E6DD4E5F}.Release|TwinCAT OS (x64).ActiveCfg = Release|TwinCAT OS (ARMT2)
		{E887CDCC-E40B-4579-B5DF-0A88E6DD4E5F}.Release|TwinCAT RT (x64).ActiveCfg = Release|TwinCAT RT (x64)
		{E887CDCC-E40B-4579-B5DF-0A88E6DD4E5F}.Release|TwinCAT RT (x64).Build.0 = Release|TwinCAT RT (x64)
		{E887CDCC-E40B-4579-B5DF-0A88E6DD4E5F}.Release|TwinCAT RT (x86).ActiveCfg = Release|TwinCAT RT (x86)
		{E887CDCC-E40B-4579-B5DF-0A88E6DD4E5F}.Release|TwinCAT RT (x86).Build.0 = Release|TwinCAT RT (x86)
		{43416D32-F667-4FCD-BE06-2BCD0DCA2065}.Debug|TwinCAT CE7 (ARMV7).ActiveCfg = Debug|TwinCAT CE7 (ARMV7)
		{43416D32-F667-4FCD-BE06-2BCD0DCA2065}.Debug|TwinCAT CE7 (ARMV7).Build.0 = Debug|TwinCAT CE7 (ARMV7)
		{43416D32-F667-4FCD-BE06-2BCD0DCA2065}.Debug|TwinCAT OS (ARMT2).ActiveCfg = Debug|TwinCAT OS (ARMT2)
		{43416D32-F667-4FCD-BE06-2BCD0DCA2065}.Debug|TwinCAT OS (ARMT2).Build.0 = Debug|TwinCAT OS (ARMT2)
		{43416D32-F667-4FCD-BE06-2BCD0DCA2065}.Debug|TwinCAT OS (x64).ActiveCfg = Debug|TwinCAT OS (ARMT2)
		{43416D32-F667-4FCD-BE06-2BCD0DCA2065}.Debug|TwinCAT RT (x64).ActiveCfg = Debug|TwinCAT RT (x64)
		{43416D32-F667-4FCD-BE06-2BCD0DCA2065}.Debug|TwinCAT RT (x64).Build.0 = Debug|TwinCAT RT (x64)
		{43416D32-F667-4FCD-BE06-2BCD0DCA2065}.Debug|TwinCAT RT (x86).ActiveCfg = Debug|TwinCAT RT (x86)
		{43416D32-F667-4FCD-BE06-2BCD0DCA2065}.Debug|TwinCAT RT (x86).Build.0 = Debug|TwinCAT RT (x86)
		{43416D32-F667-4FCD-BE06-2BCD0DCA2065}.Release|TwinCAT CE7 (ARMV7).ActiveCfg = Release|TwinCAT CE7 (ARMV7)
		{43416D32-F667-4FCD-BE06-2BCD0DCA2065}.Release|TwinCAT CE7 (ARMV7).Build.0 = Release|TwinCAT CE7 (ARMV7)
		{43416D32-F667-4FCD-BE06-2BCD0DCA2065}.Release|TwinCAT OS (ARMT2).ActiveCfg = Release|TwinCAT OS (ARMT2)
		{43416D32-F667-4FCD-BE06-2BCD0DCA2065}.Release|TwinCAT OS (ARMT2).Build.0 = Release|TwinCAT OS (ARMT2)
		{43416D32-F667-4FCD-BE06-2BCD0DCA2065}.Release|TwinCAT OS (x64).ActiveCfg = Release|TwinCAT OS (ARMT2)
		{43416D32-F667-4FCD-BE06-2BCD0DCA2065}.Release|TwinCAT RT (x64).ActiveCfg = Release|TwinCAT RT (x64)
		{43416D32-F667-4FCD-BE06-2BCD0DCA2065}.Release|TwinCAT RT (x64).Build.0 = Release|TwinCAT RT (x64)
		{43416D32-F667-4FCD-BE06-2BCD0DCA2065}.Release|TwinCAT RT (x86).ActiveCfg = Release|TwinCAT RT (x86)
		{43416D32-F667-4FCD-BE06-2BCD0DCA2065}.Release|TwinCAT RT (x86).Build.0 = Release|TwinCAT RT (x86)
		{1AAC156A-8842-4584-B431-DB2F2E62C665}.Debug|TwinCAT CE7 (ARMV7).ActiveCfg = Debug|TwinCAT CE7 (ARMV7)
		{1AAC156A-8842-4584-B431-DB2F2E62C665}.Debug|TwinCAT CE7 (ARMV7).Build.0 = Debug|TwinCAT CE7 (ARMV7)
		{1AAC156A-8842-4584-B431-DB2F2E62C665}.Debug|TwinCAT OS (ARMT2).ActiveCfg = Debug|TwinCAT OS (ARMT2)
		{1AAC156A-8842-4584-B431-DB2F2E62C665}.Debug|TwinCAT OS (ARMT2).Build.0 = Debug|TwinCAT OS (ARMT2)
		{1AAC156A-8842-4584-B431-DB2F2E62C665}.Debug|TwinCAT OS (x64).ActiveCfg = Debug|TwinCAT OS (ARMT2)
		{1AAC156A-8842-4584-B431-DB2F2E62C665}.Debug|TwinCAT RT (x64).ActiveCfg = Debug|TwinCAT RT (x64)
		{1AAC156A-8842-4584-B431-DB2F2E62C665}.Debug|TwinCAT RT (x64).Build.0 = Debug|TwinCAT RT (x64)
		{1AAC156A-8842-4584-B431-DB2F2E62C665}.Debug|TwinCAT RT (x86).ActiveCfg = Debug|TwinCAT RT (x86)
		{1AAC156A-8842-4584-B431-DB2F2E62C665}.Debug|TwinCAT RT (x86).Build.0 = Debug|TwinCAT RT (x86)
		{1AAC156A-8842-4584-B431-DB2F2E62C665}.Release|TwinCAT CE7 (ARMV7).ActiveCfg = Release|TwinCAT CE7 (ARMV7)
		{1AAC156A-8842-4584-B431-DB2F2E62C665}.Release|TwinCAT CE7 (ARMV7).Build.0 = Release|TwinCAT CE7 (ARMV7)
		{1AAC156A-8842-4584-B431-DB2F2E62C665}.Release|TwinCAT OS (ARMT2).ActiveCfg = Release|TwinCAT OS (ARMT2)
		{1AAC156A-8842-4584-B431-DB2F2E62C665}.Release|TwinCAT OS (ARMT2).Build.0 = Release|TwinCAT OS (ARMT2)
		{1AAC156A-8842-4584-B431-DB2F2E62C665}.Release|TwinCAT OS (x64).ActiveCfg = Release|TwinCAT OS (ARMT2)
		{1AAC156A-8842-4584-B431-DB2F2E62C665}.Release|TwinCAT RT (x64).ActiveCfg = Release|TwinCAT RT (x64)
		{1AAC156A-8842-4584-B431-DB2F2E62C665}.Release|TwinCAT RT (x64).Build.0 = Release|TwinCAT RT (x64)
		{1AAC156A-8842-4584-B431-DB2F2E62C665}.Release|TwinCAT RT (x86).ActiveCfg = Release|TwinCAT RT (x86)
		{1AAC156A-8842-4584-B431-DB2F2E62C665}.Release|TwinCAT RT (x86).Build.0 = Release|TwinCAT RT (x86)
		{652DD997-4EA5-4088-9D8E-AB0C05D58200}.Debug|TwinCAT CE7 (ARMV7).ActiveCfg = Debug|TwinCAT CE7 (ARMV7)
		{652DD997-4EA5-4088-9D8E-AB0C05D58200}.Debug|TwinCAT CE7 (ARMV7).Build.0 = Debug|TwinCAT CE7 (ARMV7)
		{652DD997-4EA5-4088-9D8E-AB0C05D58200}.Debug|TwinCAT OS (ARMT2).ActiveCfg = Debug|TwinCAT OS (ARMT2)
		{652DD997-4EA5-4088-9D8E-AB0C05D58200}.Debug|TwinCAT OS (ARMT2).Build.0 = Debug|TwinCAT OS (ARMT2)
		{652DD997-4EA5-4088-9D8E-AB0C05D58200}.Debug|TwinCAT OS (x64).ActiveCfg = Debug|TwinCAT OS (ARMT2)
		{652DD997-4EA5-4088-9D8E-AB0C05D58200}.Debug|TwinCAT RT (x64).ActiveCfg = Debug|TwinCAT RT (x64)
		{652DD997-4EA5-4088-9D8E-AB0C05D58200}.Debug|TwinCAT RT (x64).Build.0 = Debug|TwinCAT RT (x64)
		{652DD997-4EA5-4088-9D8E-AB0C05D58200}.Debug|TwinCAT RT (x86).ActiveCfg = Debug|TwinCAT RT (x86)
		{652DD997-4EA5-4088-9D8E-AB0C05D58200}.Debug|TwinCAT RT (x86).Build.0 = Debug|TwinCAT RT (x86)
		{652DD997-4EA5-4088-9D8E-AB0C05D58200}.Release|TwinCAT CE7 (ARMV7).ActiveCfg = Release|TwinCAT CE7 (ARMV7)
		{652DD997-4EA5-4088-9D8E-AB0C05D58200}.Release|TwinCAT CE7 (ARMV7).Build.0 = Release|TwinCAT CE7 (ARMV7)
		{652DD997-4EA5-4088-9D8E-AB0C05D58200}.Release|TwinCAT OS (ARMT2).ActiveCfg = Release|TwinCAT OS (ARMT2)
		{652DD997-4EA5-4088-9D8E-AB0C05D58200}.Release|TwinCAT OS (ARMT2).Build.0 = Release|TwinCAT OS (ARMT2)
		{652DD997-4EA5-4088-9D8E-AB0C05D58200}.Release|TwinCAT OS (x64).ActiveCfg = Release|TwinCAT OS (ARMT2)
		{652DD997-4EA5-4088-9D8E-AB0C05D58200}.Release|TwinCAT RT (x64).ActiveCfg = Release|TwinCAT RT (x64)
		{652DD997-4EA5-4088-9D8E-AB0C05D58200}.Release|TwinCAT RT (x64).Build.0 = Release|TwinCAT RT (x64)
		{652DD997-4EA5-4088-9D8E-AB0C05D58200}.Release|TwinCAT RT (x86).ActiveCfg = Release|TwinCAT RT (x86)
		{652DD997-4EA5-4088-9D8E-AB0C05D58200}.Release|TwinCAT RT (x86).Build.0 = Release|TwinCAT RT (x86)
		{BDC87AB4-27A6-4E1A-AD52-E3225CCCBFDA}.Debug|TwinCAT CE7 (ARMV7).ActiveCfg = Debug|TwinCAT CE7 (ARMV7)
		{BDC87AB4-27A6-4E1A-AD52-E3225CCCBFDA}.Debug|TwinCAT CE7 (ARMV7).Build.0 = Debug|TwinCAT CE7 (ARMV7)
		{BDC87AB4-27A6-4E1A-AD52-E3225CCCBFDA}.Debug|TwinCAT OS (ARMT2).ActiveCfg = Debug|TwinCAT OS (ARMT2)
		{BDC87AB4-27A6-4E1A-AD52-E3225CCCBFDA}.Debug|TwinCAT OS (ARMT2).Build.0 = Debug|TwinCAT OS (ARMT2)
		{BDC87AB4-27A6-4E1A-AD52-E3225CCCBFDA}.Debug|TwinCAT OS (x64).ActiveCfg = Debug|TwinCAT OS (ARMT2)
		{BDC87AB4-27A6-4E1A-AD52-E3225CCCBFDA}.Debug|TwinCAT RT (x64).ActiveCfg = Debug|TwinCAT RT (x64)
		{BDC87AB4-27A6-4E1A-AD52-E3225CCCBFDA}.Debug|TwinCAT RT (x64).Build.0 = Debug|TwinCAT RT (x64)
		{BDC87AB4-27A6-4E1A-AD52-E3225CCCBFDA}.Debug|TwinCAT RT (x86).ActiveCfg = Debug|TwinCAT RT (x86)
		{BDC87AB4-27A6-4E1A-AD52-E3225CCCBFDA}.Debug|TwinCAT RT (x86).Build.0 = Debug|TwinCAT RT (x86)
		{BDC87AB4-27A6-4E1A-AD52-E3225CCCBFDA}.Release|TwinCAT CE7 (ARMV7).ActiveCfg = Release|TwinCAT CE7 (ARMV7)
		{BDC87AB4-27A6-4E1A-AD52-E3225CCCBFDA}.Release|TwinCAT CE7 (ARMV7).Build.0 = Release|TwinCAT CE7 (ARMV7)
		{BDC87AB4-27A6-4E1A-AD52-E3225CCCBFDA}.Release|TwinCAT OS (ARMT2).ActiveCfg = Release|TwinCAT OS (ARMT2)
		{BDC87AB4-27A6-4E1A-AD52-E3225CCCBFDA}.Release|TwinCAT OS (ARMT2).Build.0 = Release|TwinCAT OS (ARMT2)
		{BDC87AB4-27A6-4E1A-AD52-E3225CCCBFDA}.Release|TwinCAT OS (x64).ActiveCfg = Release|TwinCAT OS (ARMT2)
		{BDC87AB4-27A6-4E1A-AD52-E3225CCCBFDA}.Release|TwinCAT RT (x64).ActiveCfg = Release|TwinCAT RT (x64)
		{BDC87AB4-27A6-4E1A-AD52-E3225CCCBFDA}.Release|TwinCAT RT (x64).Build.0 = Release|TwinCAT RT (x64)
		{BDC87AB4-27A6-4E1A-AD52-E3225CCCBFDA}.Release|TwinCAT RT (x86).ActiveCfg = Release|TwinCAT RT (x86)
		{BDC87AB4-27A6-4E1A-AD52-E3225CCCBFDA}.Release|TwinCAT RT (x86).Build.0 = Release|TwinCAT RT (x86)
		{6266F1ED-4501-437C-895F-D08A9CF21A45}.Debug|TwinCAT CE7 (ARMV7).ActiveCfg = Debug|TwinCAT CE7 (ARMV7)
		{6266F1ED-4501-437C-895F-D08A9CF21A45}.Debug|TwinCAT CE7 (ARMV7).Build.0 = Debug|TwinCAT CE7 (ARMV7)
		{6266F1ED-4501-437C-895F-D08A9CF21A45}.Debug|TwinCAT OS (ARMT2).ActiveCfg = Debug|TwinCAT OS (ARMT2)
		{6266F1ED-4501-437C-895F-D08A9CF21A45}.Debug|TwinCAT OS (ARMT2).Build.0 = Debug|TwinCAT OS (ARMT2)
		{6266F1ED-4501-437C-895F-D08A9CF21A45}.Debug|TwinCAT OS (x64).ActiveCfg = Debug|TwinCAT OS (ARMT2)
		{6266F1ED-4501-437C-895F-D08A9CF21A45}.Debug|TwinCAT RT (x64).ActiveCfg = Debug|TwinCAT RT (x64)
		{6266F1ED-4501-437C-895F-D08A9CF21A45}.Debug|TwinCAT RT (x64).Build.0 = Debug|TwinCAT RT (x64)
		{6266F1ED-4501-437C-895F-D08A9CF21A45}.Debug|TwinCAT RT (x86).ActiveCfg = Debug|TwinCAT RT (x86)
		{6266F1ED-4501-437C-895F-D08A9CF21A45}.Debug|TwinCAT RT (x86).Build.0 = Debug|TwinCAT RT (x86)
		{6266F1ED-4501-437C-895F-D08A9CF21A45}.Release|TwinCAT CE7 (ARMV7).ActiveCfg = Release|TwinCAT CE7 (ARMV7)
		{6266F1ED-4501-437C-895F-D08A9CF21A45}.Release|TwinCAT CE7 (ARMV7).Build.0 = Release|TwinCAT CE7 (ARMV7)
		{6266F1ED-4501-437C-895F-D08A9CF21A45}.Release|TwinCAT OS (ARMT2).ActiveCfg = Release|TwinCAT OS (ARMT2)
		{6266F1ED-4501-437C-895F-D08A9CF21A45}.Release|TwinCAT OS (ARMT2).Build.0 = Release|TwinCAT OS (ARMT2)
		{6266F1ED-4501-437C-895F-D08A9CF21A45}.Release|TwinCAT OS (x64).ActiveCfg = Release|TwinCAT OS (ARMT2)
		{6266F1ED-4501-437C-895F-D08A9CF21A45}.Release|TwinCAT RT (x64).ActiveCfg = Release|TwinCAT RT (x64)
		{6266F1ED-4501-437C-895F-D08A9CF21A45}.Release|TwinCAT RT (x64).Build.0 = Release|TwinCAT RT (x64)
		{6266F1ED-4501-437C-895F-D08A9CF21A45}.Release|TwinCAT RT (x86).ActiveCfg = Release|TwinCAT RT (x86)
		{6266F1ED-4501-437C-895F-D08A9CF21A45}.Release|TwinCAT RT (x86).Build.0 = Release|TwinCAT RT (x86)
		{E21CA4F1-F838-4EF5-B125-3AD05FBB5AE7}.Debug|TwinCAT CE7 (ARMV7).ActiveCfg = Debug|TwinCAT CE7 (ARMV7)
		{E21CA4F1-F838-4EF5-B125-3AD05FBB5AE7}.Debug|TwinCAT CE7 (ARMV7).Build.0 = Debug|TwinCAT CE7 (ARMV7)
		{E21CA4F1-F838-4EF5-B125-3AD05FBB5AE7}.Debug|TwinCAT OS (ARMT2).ActiveCfg = Debug|TwinCAT OS (ARMT2)
		{E21CA4F1-F838-4EF5-B125-3AD05FBB5AE7}.Debug|TwinCAT OS (ARMT2).Build.0 = Debug|TwinCAT OS (ARMT2)
		{E21CA4F1-F838-4EF5-B125-3AD05FBB5AE7}.Debug|TwinCAT OS (x64).ActiveCfg = Debug|TwinCAT OS (ARMT2)
		{E21CA4F1-F838-4EF5-B125-3AD05FBB5AE7}.Debug|TwinCAT RT (x64).ActiveCfg = Debug|TwinCAT RT (x64)
		{E21CA4F1-F838-4EF5-B125-3AD05FBB5AE7}.Debug|TwinCAT RT (x64).Build.0 = Debug|TwinCAT RT (x64)
		{E21CA4F1-F838-4EF5-B125-3AD05FBB5AE7}.Debug|TwinCAT RT (x86).ActiveCfg = Debug|TwinCAT RT (x86)
		{E21CA4F1-F838-4EF5-B125-3AD05FBB5AE7}.Debug|TwinCAT RT (x86).Build.0 = Debug|TwinCAT RT (x86)
		{E21CA4F1-F838-4EF5-B125-3AD05FBB5AE7}.Release|TwinCAT CE7 (ARMV7).ActiveCfg = Release|TwinCAT CE7 (ARMV7)
		{E21CA4F1-F838-4EF5-B125-3AD05FBB5AE7}.Release|TwinCAT CE7 (ARMV7).Build.0 = Release|TwinCAT CE7 (ARMV7)
		{E21CA4F1-F838-4EF5-B125-3AD05FBB5AE7}.Release|TwinCAT OS (ARMT2).ActiveCfg = Release|TwinCAT OS (ARMT2)
		{E21CA4F1-F838-4EF5-B125-3AD05FBB5AE7}.Release|TwinCAT OS (ARMT2).Build.0 = Release|TwinCAT OS (ARMT2)
		{E21CA4F1-F838-4EF5-B125-3AD05FBB5AE7}.Release|TwinCAT OS (x64).ActiveCfg = Release|TwinCAT OS (ARMT2)
		{E21CA4F1-F838-4EF5-B125-3AD05FBB5AE7}.Release|TwinCAT RT (x64).ActiveCfg = Release|TwinCAT RT (x64)
		{E21CA4F1-F838-4EF5-B125-3AD05FBB5AE7}.Release|TwinCAT RT (x64).Build.0 = Release|TwinCAT RT (x64)
		{E21CA4F1-F838-4EF5-B125-3AD05FBB5AE7}.Release|TwinCAT RT (x86).ActiveCfg = Release|TwinCAT RT (x86)
		{E21CA4F1-F838-4EF5-B125-3AD05FBB5AE7}.Release|TwinCAT RT (x86).Build.0 = Release|TwinCAT RT (x86)
		{F675A8E0-2701-413B-BF70-5272E3452140}.Debug|TwinCAT CE7 (ARMV7).ActiveCfg = Debug|TwinCAT CE7 (ARMV7)
		{F675A8E0-2701-413B-BF70-5272E3452140}.Debug|TwinCAT CE7 (ARMV7).Build.0 = Debug|TwinCAT CE7 (ARMV7)
		{F675A8E0-2701-413B-BF70-5272E3452140}.Debug|TwinCAT OS (ARMT2).ActiveCfg = Debug|TwinCAT OS (ARMT2)
		{F675A8E0-2701-413B-BF70-5272E3452140}.Debug|TwinCAT OS (ARMT2).Build.0 = Debug|TwinCAT OS (ARMT2)
		{F675A8E0-2701-413B-BF70-5272E3452140}.Debug|TwinCAT OS (x64).ActiveCfg = Debug|TwinCAT OS (ARMT2)
		{F675A8E0-2701-413B-BF70-5272E3452140}.Debug|TwinCAT RT (x64).ActiveCfg = Debug|TwinCAT RT (x64)
		{F675A8E0-2701-413B-BF70-5272E3452140}.Debug|TwinCAT RT (x64).Build.0 = Debug|TwinCAT RT (x64)
		{F675A8E0-2701-413B-BF70-5272E3452140}.Debug|TwinCAT RT (x86).ActiveCfg = Debug|TwinCAT RT (x86)
		{F675A8E0-2701-413B-BF70-5272E3452140}.Debug|TwinCAT RT (x86).Build.0 = Debug|TwinCAT RT (x86)
		{F675A8E0-2701-413B-BF70-5272E3452140}.Release|TwinCAT CE7 (ARMV7).ActiveCfg = Release|TwinCAT CE7 (ARMV7)
		{F675A8E0-2701-413B-BF70-5272E3452140}.Release|TwinCAT CE7 (ARMV7).Build.0 = Release|TwinCAT CE7 (ARMV7)
		{F675A8E0-2701-413B-BF70-5272E3452140}.Release|TwinCAT OS (ARMT2).ActiveCfg = Release|TwinCAT OS (ARMT2)
		{F675A8E0-2701-413B-BF70-5272E3452140}.Release|TwinCAT OS (ARMT2).Build.0 = Release|TwinCAT OS (ARMT2)
		{F675A8E0-2701-413B-BF70-5272E3452140}.Release|TwinCAT OS (x64).ActiveCfg = Release|TwinCAT OS (ARMT2)
		{F675A8E0-2701-413B-BF70-5272E3452140}.Release|TwinCAT RT (x64).ActiveCfg = Release|TwinCAT RT (x64)
		{F675A8E0-2701-413B-BF70-5272E3452140}.Release|TwinCAT RT (x64).Build.0 = Release|TwinCAT RT (x64)
		{F675A8E0-2701-413B-BF70-5272E3452140}.Release|TwinCAT RT (x86).ActiveCfg = Release|TwinCAT RT (x86)
		{F675A8E0-2701-413B-BF70-5272E3452140}.Release|TwinCAT RT (x86).Build.0 = Release|TwinCAT RT (x86)
		{61357FED-8FAB-4607-903E-2F65D28C3011}.Debug|TwinCAT CE7 (ARMV7).ActiveCfg = Debug|TwinCAT CE7 (ARMV7)
		{61357FED-8FAB-4607-903E-2F65D28C3011}.Debug|TwinCAT CE7 (ARMV7).Build.0 = Debug|TwinCAT CE7 (ARMV7)
		{61357FED-8FAB-4607-903E-2F65D28C3011}.Debug|TwinCAT OS (ARMT2).ActiveCfg = Debug|TwinCAT OS (ARMT2)
		{61357FED-8FAB-4607-903E-2F65D28C3011}.Debug|TwinCAT OS (ARMT2).Build.0 = Debug|TwinCAT OS (ARMT2)
		{61357FED-8FAB-4607-903E-2F65D28C3011}.Debug|TwinCAT OS (x64).ActiveCfg = Debug|TwinCAT OS (ARMT2)
		{61357FED-8FAB-4607-903E-2F65D28C3011}.Debug|TwinCAT RT (x64).ActiveCfg = Debug|TwinCAT RT (x64)
		{61357FED-8FAB-4607-903E-2F65D28C3011}.Debug|TwinCAT RT (x64).Build.0 = Debug|TwinCAT RT (x64)
		{61357FED-8FAB-4607-903E-2F65D28C3011}.Debug|TwinCAT RT (x86).ActiveCfg = Debug|TwinCAT RT (x86)
		{61357FED-8FAB-4607-903E-2F65D28C3011}.Debug|TwinCAT RT (x86).Build.0 = Debug|TwinCAT RT (x86)
		{61357FED-8FAB-4607-903E-2F65D28C3011}.Release|TwinCAT CE7 (ARMV7).ActiveCfg = Release|TwinCAT CE7 (ARMV7)
		{61357FED-8FAB-4607-903E-2F65D28C3011}.Release|TwinCAT CE7 (ARMV7).Build.0 = Release|TwinCAT CE7 (ARMV7)
		{61357FED-8FAB-4607-903E-2F65D28C3011}.Release|TwinCAT OS (ARMT2).ActiveCfg = Release|TwinCAT OS (ARMT2)
		{61357FED-8FAB-4607-903E-2F65D28C3011}.Release|TwinCAT OS (ARMT2).Build.0 = Release|TwinCAT OS (ARMT2)
		{61357FED-8FAB-4607-903E-2F65D28C3011}.Release|TwinCAT OS (x64).ActiveCfg = Release|TwinCAT OS (ARMT2)
		{61357FED-8FAB-4607-903E-2F65D28C3011}.Release|TwinCAT RT (x64).ActiveCfg = Release|TwinCAT RT (x64)
		{61357FED-8FAB-4607-903E-2F65D28C3011}.Release|TwinCAT RT (x64).Build.0 = Release|TwinCAT RT (x64)
		{61357FED-8FAB-4607-903E-2F65D28C3011}.Release|TwinCAT RT (x86).ActiveCfg = Release|TwinCAT RT (x86)
		{61357FED-8FAB-4607-903E-2F65D28C3011}.Release|TwinCAT RT (x86).Build.0 = Release|TwinCAT RT (x86)
		{AE231FB5-2305-4C5B-8648-9BCC1C910F64}.Debug|TwinCAT CE7 (ARMV7).ActiveCfg = Debug|TwinCAT CE7 (ARMV7)
		{AE231FB5-2305-4C5B-8648-9BCC1C910F64}.Debug|TwinCAT CE7 (ARMV7).Build.0 = Debug|TwinCAT CE7 (ARMV7)
		{AE231FB5-2305-4C5B-8648-9BCC1C910F64}.Debug|TwinCAT OS (ARMT2).ActiveCfg = Debug|TwinCAT OS (ARMT2)
		{AE231FB5-2305-4C5B-8648-9BCC1C910F64}.Debug|TwinCAT OS (ARMT2).Build.0 = Debug|TwinCAT OS (ARMT2)
		{AE231FB5-2305-4C5B-8648-9BCC1C910F64}.Debug|TwinCAT OS (x64).ActiveCfg = Debug|TwinCAT OS (ARMT2)
		{AE231FB5-2305-4C5B-8648-9BCC1C910F64}.Debug|TwinCAT RT (x64).ActiveCfg = Debug|TwinCAT RT (x64)
		{AE231FB5-2305-4C5B-8648-9BCC1C910F64}.Debug|TwinCAT RT (x64).Build.0 = Debug|TwinCAT RT (x64)
		{AE231FB5-2305-4C5B-8648-9BCC1C910F64}.Debug|TwinCAT RT (x86).ActiveCfg = Debug|TwinCAT RT (x86)
		{AE231FB5-2305-4C5B-8648-9BCC1C910F64}.Debug|TwinCAT RT (x86).Build.0 = Debug|TwinCAT RT (x86)
		{AE231FB5-2305-4C5B-8648-9BCC1C910F64}.Release|TwinCAT CE7 (ARMV7).ActiveCfg = Release|TwinCAT CE7 (ARMV7)
		{AE231FB5-2305-4C5B-8648-9BCC1C910F64}.Release|TwinCAT CE7 (ARMV7).Build.0 = Release|TwinCAT CE7 (ARMV7)
		{AE231FB5-2305-4C5B-8648-9BCC1C910F64}.Release|TwinCAT OS (ARMT2).ActiveCfg = Release|TwinCAT OS (ARMT2)
		{AE231FB5-2305-4C5B-8648-9BCC1C910F64}.Release|TwinCAT OS (ARMT2).Build.0 = Release|TwinCAT OS (ARMT2)
		{AE231FB5-2305-4C5B-8648-9BCC1C910F64}.Release|TwinCAT OS (x64).ActiveCfg = Release|TwinCAT OS (ARMT2)
		{AE231FB5-2305-4C5B-8648-9BCC1C910F64}.Release|TwinCAT RT (x64).ActiveCfg = Release|TwinCAT RT (x64)
		{AE231FB5-2305-4C5B-8648-9BCC1C910F64}.Release|TwinCAT RT (x64).Build.0 = Release|TwinCAT RT (x64)
		{AE231FB5-2305-4C5B-8648-9BCC1C910F64}.Release|TwinCAT RT (x86).ActiveCfg = Release|TwinCAT RT (x86)
		{AE231FB5-2305-4C5B-8648-9BCC1C910F64}.Release|TwinCAT RT (x86).Build.0 = Release|TwinCAT RT (x86)
		{A395ABE3-E58A-46E4-91FD-E504BF85A861}.Debug|TwinCAT CE7 (ARMV7).ActiveCfg = Debug|TwinCAT CE7 (ARMV7)
		{A395ABE3-E58A-46E4-91FD-E504BF85A861}.Debug|TwinCAT CE7 (ARMV7).Build.0 = Debug|TwinCAT CE7 (ARMV7)
		{A395ABE3-E58A-46E4-91FD-E504BF85A861}.Debug|TwinCAT OS (ARMT2).ActiveCfg = Debug|TwinCAT OS (ARMT2)
		{A395ABE3-E58A-46E4-91FD-E504BF85A861}.Debug|TwinCAT OS (ARMT2).Build.0 = Debug|TwinCAT OS (ARMT2)
		{A395ABE3-E58A-46E4-91FD-E504BF85A861}.Debug|TwinCAT OS (x64).ActiveCfg = Debug|TwinCAT OS (ARMT2)
		{A395ABE3-E58A-46E4-91FD-E504BF85A861}.Debug|TwinCAT RT (x64).ActiveCfg = Debug|TwinCAT RT (x64)
		{A395ABE3-E58A-46E4-91FD-E504BF85A861}.Debug|TwinCAT RT (x64).Build.0 = Debug|TwinCAT RT (x64)
		{A395ABE3-E58A-46E4-91FD-E504BF85A861}.Debug|TwinCAT RT (x86).ActiveCfg = Debug|TwinCAT RT (x86)
		{A395ABE3-E58A-46E4-91FD-E504BF85A861}.Debug|TwinCAT RT (x86).Build.0 = Debug|TwinCAT RT (x86)
		{A395ABE3-E58A-46E4-91FD-E504BF85A861}.Release|TwinCAT CE7 (ARMV7).ActiveCfg = Release|TwinCAT CE7 (ARMV7)
		{A395ABE3-E58A-46E4-91FD-E504BF85A861}.Release|TwinCAT CE7 (ARMV7).Build.0 = Release|TwinCAT CE7 (ARMV7)
		{A395ABE3-E58A-46E4-91FD-E504BF85A861}.Release|TwinCAT OS (ARMT2).ActiveCfg = Release|TwinCAT OS (ARMT2)
		{A395ABE3-E58A-46E4-91FD-E504BF85A861}.Release|TwinCAT OS (ARMT2).Build.0 = Release|TwinCAT OS (ARMT2)
		{A395ABE3-E58A-46E4-91FD-E504BF85A861}.Release|TwinCAT OS (x64).ActiveCfg = Release|TwinCAT OS (ARMT2)
		{A395ABE3-E58A-46E4-91FD-E504BF85A861}.Release|TwinCAT RT (x64).ActiveCfg = Release|TwinCAT RT (x64)
		{A395ABE3-E58A-46E4-91FD-E504BF85A861}.Release|TwinCAT RT (x64).Build.0 = Release|TwinCAT RT (x64)
		{A395ABE3-E58A-46E4-91FD-E504BF85A861}.Release|TwinCAT RT (x86).ActiveCfg = Release|TwinCAT RT (x86)
		{A395ABE3-E58A-46E4-91FD-E504BF85A861}.Release|TwinCAT RT (x86).Build.0 = Release|TwinCAT RT (x86)
		{3F81FBDB-308E-495F-B030-88CD22927255}.Debug|TwinCAT CE7 (ARMV7).ActiveCfg = Debug|TwinCAT CE7 (ARMV7)
		{3F81FBDB-308E-495F-B030-88CD22927255}.Debug|TwinCAT CE7 (ARMV7).Build.0 = Debug|TwinCAT CE7 (ARMV7)
		{3F81FBDB-308E-495F-B030-88CD22927255}.Debug|TwinCAT OS (ARMT2).ActiveCfg = Debug|TwinCAT OS (ARMT2)
		{3F81FBDB-308E-495F-B030-88CD22927255}.Debug|TwinCAT OS (ARMT2).Build.0 = Debug|TwinCAT OS (ARMT2)
		{3F81FBDB-308E-495F-B030-88CD22927255}.Debug|TwinCAT OS (x64).ActiveCfg = Debug|TwinCAT OS (ARMT2)
		{3F81FBDB-308E-495F-B030-88CD22927255}.Debug|TwinCAT RT (x64).ActiveCfg = Debug|TwinCAT RT (x64)
		{3F81FBDB-308E-495F-B030-88CD22927255}.Debug|TwinCAT RT (x64).Build.0 = Debug|TwinCAT RT (x64)
		{3F81FBDB-308E-495F-B030-88CD22927255}.Debug|TwinCAT RT (x86).ActiveCfg = Debug|TwinCAT RT (x86)
		{3F81FBDB-308E-495F-B030-88CD22927255}.Debug|TwinCAT RT (x86).Build.0 = Debug|TwinCAT RT (x86)
		{3F81FBDB-308E-495F-B030-88CD22927255}.Release|TwinCAT CE7 (ARMV7).ActiveCfg = Release|TwinCAT CE7 (ARMV7)
		{3F81FBDB-308E-495F-B030-88CD22927255}.Release|TwinCAT CE7 (ARMV7).Build.0 = Release|TwinCAT CE7 (ARMV7)
		{3F81FBDB-308E-495F-B030-88CD22927255}.Release|TwinCAT OS (ARMT2).ActiveCfg = Release|TwinCAT OS (ARMT2)
		{3F81FBDB-308E-495F-B030-88CD22927255}.Release|TwinCAT OS (ARMT2).Build.0 = Release|TwinCAT OS (ARMT2)
		{3F81FBDB-308E-495F-B030-88CD22927255}.Release|TwinCAT OS (x64).ActiveCfg = Release|TwinCAT OS (ARMT2)
		{3F81FBDB-308E-495F-B030-88CD22927255}.Release|TwinCAT RT (x64).ActiveCfg = Release|TwinCAT RT (x64)
		{3F81FBDB-308E-495F-B030-88CD22927255}.Release|TwinCAT RT (x64).Build.0 = Release|TwinCAT RT (x64)
		{3F81FBDB-308E-495F-B030-88CD22927255}.Release|TwinCAT RT (x86).ActiveCfg = Release|TwinCAT RT (x86)
		{3F81FBDB-308E-495F-B030-88CD22927255}.Release|TwinCAT RT (x86).Build.0 = Release|TwinCAT RT (x86)
		{8B7A2183-98AA-4B38-838C-AC9CBDB864F6}.Debug|TwinCAT CE7 (ARMV7).ActiveCfg = Debug|TwinCAT CE7 (ARMV7)
		{8B7A2183-98AA-4B38-838C-AC9CBDB864F6}.Debug|TwinCAT CE7 (ARMV7).Build.0 = Debug|TwinCAT CE7 (ARMV7)
		{8B7A2183-98AA-4B38-838C-AC9CBDB864F6}.Debug|TwinCAT OS (ARMT2).ActiveCfg = Debug|TwinCAT OS (ARMT2)
		{8B7A2183-98AA-4B38-838C-AC9CBDB864F6}.Debug|TwinCAT OS (ARMT2).Build.0 = Debug|TwinCAT OS (ARMT2)
		{8B7A2183-98AA-4B38-838C-AC9CBDB864F6}.Debug|TwinCAT OS (x64).ActiveCfg = Debug|TwinCAT OS (ARMT2)
		{8B7A2183-98AA-4B38-838C-AC9CBDB864F6}.Debug|TwinCAT RT (x64).ActiveCfg = Debug|TwinCAT RT (x64)
		{8B7A2183-98AA-4B38-838C-AC9CBDB864F6}.Debug|TwinCAT RT (x64).Build.0 = Debug|TwinCAT RT (x64)
		{8B7A2183-98AA-4B38-838C-AC9CBDB864F6}.Debug|TwinCAT RT (x86).ActiveCfg = Debug|TwinCAT RT (x86)
		{8B7A2183-98AA-4B38-838C-AC9CBDB864F6}.Debug|TwinCAT RT (x86).Build.0 = Debug|TwinCAT RT (x86)
		{8B7A2183-98AA-4B38-838C-AC9CBDB864F6}.Release|TwinCAT CE7 (ARMV7).ActiveCfg = Release|TwinCAT CE7 (ARMV7)
		{8B7A2183-98AA-4B38-838C-AC9CBDB864F6}.Release|TwinCAT CE7 (ARMV7).Build.0 = Release|TwinCAT CE7 (ARMV7)
		{8B7A2183-98AA-4B38-838C-AC9CBDB864F6}.Release|TwinCAT OS (ARMT2).ActiveCfg = Release|TwinCAT OS (ARMT2)
		{8B7A2183-98AA-4B38-838C-AC9CBDB864F6}.Release|TwinCAT OS (ARMT2).Build.0 = Release|TwinCAT OS (ARMT2)
		{8B7A2183-98AA-4B38-838C-AC9CBDB864F6}.Release|TwinCAT OS (x64).ActiveCfg = Release|TwinCAT OS (ARMT2)
		{8B7A2183-98AA-4B38-838C-AC9CBDB864F6}.Release|TwinCAT RT (x64).ActiveCfg = Release|TwinCAT RT (x64)
		{8B7A2183-98AA-4B38-838C-AC9CBDB864F6}.Release|TwinCAT RT (x64).Build.0 = Release|TwinCAT RT (x64)
		{8B7A2183-98AA-4B38-838C-AC9CBDB864F6}.Release|TwinCAT RT (x86).ActiveCfg = Release|TwinCAT RT (x86)
		{8B7A2183-98AA-4B38-838C-AC9CBDB864F6}.Release|TwinCAT RT (x86).Build.0 = Release|TwinCAT RT (x86)
		{A35C1522-8357-461E-8B06-4AAC00DE0EF3}.Debug|TwinCAT CE7 (ARMV7).ActiveCfg = Debug|TwinCAT CE7 (ARMV7)
		{A35C1522-8357-461E-8B06-4AAC00DE0EF3}.Debug|TwinCAT CE7 (ARMV7).Build.0 = Debug|TwinCAT CE7 (ARMV7)
		{A35C1522-8357-461E-8B06-4AAC00DE0EF3}.Debug|TwinCAT OS (ARMT2).ActiveCfg = Debug|TwinCAT OS (ARMT2)
		{A35C1522-8357-461E-8B06-4AAC00DE0EF3}.Debug|TwinCAT OS (ARMT2).Build.0 = Debug|TwinCAT OS (ARMT2)
		{A35C1522-8357-461E-8B06-4AAC00DE0EF3}.Debug|TwinCAT OS (x64).ActiveCfg = Debug|TwinCAT OS (ARMT2)
		{A35C1522-8357-461E-8B06-4AAC00DE0EF3}.Debug|TwinCAT RT (x64).ActiveCfg = Debug|TwinCAT RT (x64)
		{A35C1522-8357-461E-8B06-4AAC00DE0EF3}.Debug|TwinCAT RT (x64).Build.0 = Debug|TwinCAT RT (x64)
		{A35C1522-8357-461E-8B06-4AAC00DE0EF3}.Debug|TwinCAT RT (x86).ActiveCfg = Debug|TwinCAT RT (x86)
		{A35C1522-8357-461E-8B06-4AAC00DE0EF3}.Debug|TwinCAT RT (x86).Build.0 = Debug|TwinCAT RT (x86)
		{A35C1522-8357-461E-8B06-4AAC00DE0EF3}.Release|TwinCAT CE7 (ARMV7).ActiveCfg = Release|TwinCAT CE7 (ARMV7)
		{A35C1522-8357-461E-8B06-4AAC00DE0EF3}.Release|TwinCAT CE7 (ARMV7).Build.0 = Release|TwinCAT CE7 (ARMV7)
		{A35C1522-8357-461E-8B06-4AAC00DE0EF3}.Release|TwinCAT OS (ARMT2).ActiveCfg = Release|TwinCAT OS (ARMT2)
		{A35C1522-8357-461E-8B06-4AAC00DE0EF3}.Release|TwinCAT OS (ARMT2).Build.0 = Release|TwinCAT OS (ARMT2)
		{A35C1522-8357-461E-8B06-4AAC00DE0EF3}.Release|TwinCAT OS (x64).ActiveCfg = Release|TwinCAT OS (ARMT2)
		{A35C1522-8357-461E-8B06-4AAC00DE0EF3}.Release|TwinCAT RT (x64).ActiveCfg = Release|TwinCAT RT (x64)
		{A35C1522-8357-461E-8B06-4AAC00DE0EF3}.Release|TwinCAT RT (x64).Build.0 = Release|TwinCAT RT (x64)
		{A35C1522-8357-461E-8B06-4AAC00DE0EF3}.Release|TwinCAT RT (x86).ActiveCfg = Release|TwinCAT RT (x86)
		{A35C1522-8357-461E-8B06-4AAC00DE0EF3}.Release|TwinCAT RT (x86).Build.0 = Release|TwinCAT RT (x86)
		{1DBFF692-932C-4A17-8872-BFA7FAA1F8FB}.Debug|TwinCAT CE7 (ARMV7).ActiveCfg = Debug|TwinCAT CE7 (ARMV7)
		{1DBFF692-932C-4A17-8872-BFA7FAA1F8FB}.Debug|TwinCAT CE7 (ARMV7).Build.0 = Debug|TwinCAT CE7 (ARMV7)
		{1DBFF692-932C-4A17-8872-BFA7FAA1F8FB}.Debug|TwinCAT OS (ARMT2).ActiveCfg = Debug|TwinCAT OS (ARMT2)
		{1DBFF692-932C-4A17-8872-BFA7FAA1F8FB}.Debug|TwinCAT OS (ARMT2).Build.0 = Debug|TwinCAT OS (ARMT2)
		{1DBFF692-932C-4A17-8872-BFA7FAA1F8FB}.Debug|TwinCAT OS (x64).ActiveCfg = Debug|TwinCAT OS (ARMT2)
		{1DBFF692-932C-4A17-8872-BFA7FAA1F8FB}.Debug|TwinCAT RT (x64).ActiveCfg = Debug|TwinCAT RT (x64)
		{1DBFF692-932C-4A17-8872-BFA7FAA1F8FB}.Debug|TwinCAT RT (x64).Build.0 = Debug|TwinCAT RT (x64)
		{1DBFF692-932C-4A17-8872-BFA7FAA1F8FB}.Debug|TwinCAT RT (x86).ActiveCfg = Debug|TwinCAT RT (x86)
		{1DBFF692-932C-4A17-8872-BFA7FAA1F8FB}.Debug|TwinCAT RT (x86).Build.0 = Debug|TwinCAT RT (x86)
		{1DBFF692-932C-4A17-8872-BFA7FAA1F8FB}.Release|TwinCAT CE7 (ARMV7).ActiveCfg = Release|TwinCAT CE7 (ARMV7)
		{1DBFF692-932C-4A17-8872-BFA7FAA1F8FB}.Release|TwinCAT CE7 (ARMV7).Build.0 = Release|TwinCAT CE7 (ARMV7)
		{1DBFF692-932C-4A17-8872-BFA7FAA1F8FB}.Release|TwinCAT OS (ARMT2).ActiveCfg = Release|TwinCAT OS (ARMT2)
		{1DBFF692-932C-4A17-8872-BFA7FAA1F8FB}.Release|TwinCAT OS (ARMT2).Build.0 = Release|TwinCAT OS (ARMT2)
		{1DBFF692-932C-4A17-8872-BFA7FAA1F8FB}.Release|TwinCAT OS (x64).ActiveCfg = Release|TwinCAT OS (ARMT2)
		{1DBFF692-932C-4A17-8872-BFA7FAA1F8FB}.Release|TwinCAT RT (x64).ActiveCfg = Release|TwinCAT RT (x64)
		{1DBFF692-932C-4A17-8872-BFA7FAA1F8FB}.Release|TwinCAT RT (x64).Build.0 = Release|TwinCAT RT (x64)
		{1DBFF692-932C-4A17-8872-BFA7FAA1F8FB}.Release|TwinCAT RT (x86).ActiveCfg = Release|TwinCAT RT (x86)
		{1DBFF692-932C-4A17-8872-BFA7FAA1F8FB}.Release|TwinCAT RT (x86).Build.0 = Release|TwinCAT RT (x86)
		{1A289FD8-2FC0-4B29-B34F-E4BF25DBB957}.Debug|TwinCAT CE7 (ARMV7).ActiveCfg = Debug|TwinCAT CE7 (ARMV7)
		{1A289FD8-2FC0-4B29-B34F-E4BF25DBB957}.Debug|TwinCAT CE7 (ARMV7).Build.0 = Debug|TwinCAT CE7 (ARMV7)
		{1A289FD8-2FC0-4B29-B34F-E4BF25DBB957}.Debug|TwinCAT OS (ARMT2).ActiveCfg = Debug|TwinCAT OS (ARMT2)
		{1A289FD8-2FC0-4B29-B34F-E4BF25DBB957}.Debug|TwinCAT OS (ARMT2).Build.0 = Debug|TwinCAT OS (ARMT2)
		{1A289FD8-2FC0-4B29-B34F-E4BF25DBB957}.Debug|TwinCAT OS (x64).ActiveCfg = Debug|TwinCAT OS (ARMT2)
		{1A289FD8-2FC0-4B29-B34F-E4BF25DBB957}.Debug|TwinCAT RT (x64).ActiveCfg = Debug|TwinCAT RT (x64)
		{1A289FD8-2FC0-4B29-B34F-E4BF25DBB957}.Debug|TwinCAT RT (x64).Build.0 = Debug|TwinCAT RT (x64)
		{1A289FD8-2FC0-4B29-B34F-E4BF25DBB957}.Debug|TwinCAT RT (x86).ActiveCfg = Debug|TwinCAT RT (x86)
		{1A289FD8-2FC0-4B29-B34F-E4BF25DBB957}.Debug|TwinCAT RT (x86).Build.0 = Debug|TwinCAT RT (x86)
		{1A289FD8-2FC0-4B29-B34F-E4BF25DBB957}.Release|TwinCAT CE7 (ARMV7).ActiveCfg = Release|TwinCAT CE7 (ARMV7)
		{1A289FD8-2FC0-4B29-B34F-E4BF25DBB957}.Release|TwinCAT CE7 (ARMV7).Build.0 = Release|TwinCAT CE7 (ARMV7)
		{1A289FD8-2FC0-4B29-B34F-E4BF25DBB957}.Release|TwinCAT OS (ARMT2).ActiveCfg = Release|TwinCAT OS (ARMT2)
		{1A289FD8-2FC0-4B29-B34F-E4BF25DBB957}.Release|TwinCAT OS (ARMT2).Build.0 = Release|TwinCAT OS (ARMT2)
		{1A289FD8-2FC0-4B29-B34F-E4BF25DBB957}.Release|TwinCAT OS (x64).ActiveCfg = Release|TwinCAT OS (ARMT2)
		{1A289FD8-2FC0-4B29-B34F-E4BF25DBB957}.Release|TwinCAT RT (x64).ActiveCfg = Release|TwinCAT RT (x64)
		{1A289FD8-2FC0-4B29-B34F-E4BF25DBB957}.Release|TwinCAT RT (x64).Build.0 = Release|TwinCAT RT (x64)
		{1A289FD8-2FC0-4B29-B34F-E4BF25DBB957}.Release|TwinCAT RT (x86).ActiveCfg = Release|TwinCAT RT (x86)
		{1A289FD8-2FC0-4B29-B34F-E4BF25DBB957}.Release|TwinCAT RT (x86).Build.0 = Release|TwinCAT RT (x86)
		{E795753E-E9C2-4F21-A92B-75C5F9586351}.Debug|TwinCAT CE7 (ARMV7).ActiveCfg = Debug|TwinCAT CE7 (ARMV7)
		{E795753E-E9C2-4F21-A92B-75C5F9586351}.Debug|TwinCAT CE7 (ARMV7).Build.0 = Debug|TwinCAT CE7 (ARMV7)
		{E795753E-E9C2-4F21-A92B-75C5F9586351}.Debug|TwinCAT OS (ARMT2).ActiveCfg = Debug|TwinCAT OS (ARMT2)
		{E795753E-E9C2-4F21-A92B-75C5F9586351}.Debug|TwinCAT OS (ARMT2).Build.0 = Debug|TwinCAT OS (ARMT2)
		{E795753E-E9C2-4F21-A92B-75C5F9586351}.Debug|TwinCAT OS (x64).ActiveCfg = Debug|TwinCAT OS (ARMT2)
		{E795753E-E9C2-4F21-A92B-75C5F9586351}.Debug|TwinCAT RT (x64).ActiveCfg = Debug|TwinCAT RT (x64)
		{E795753E-E9C2-4F21-A92B-75C5F9586351}.Debug|TwinCAT RT (x64).Build.0 = Debug|TwinCAT RT (x64)
		{E795753E-E9C2-4F21-A92B-75C5F9586351}.Debug|TwinCAT RT (x86).ActiveCfg = Debug|TwinCAT RT (x86)
		{E795753E-E9C2-4F21-A92B-75C5F9586351}.Debug|TwinCAT RT (x86).Build.0 = Debug|TwinCAT RT (x86)
		{E795753E-E9C2-4F21-A92B-75C5F9586351}.Release|TwinCAT CE7 (ARMV7).ActiveCfg = Release|TwinCAT CE7 (ARMV7)
		{E795753E-E9C2-4F21-A92B-75C5F9586351}.Release|TwinCAT CE7 (ARMV7).Build.0 = Release|TwinCAT CE7 (ARMV7)
		{E795753E-E9C2-4F21-A92B-75C5F9586351}.Release|TwinCAT OS (ARMT2).ActiveCfg = Release|TwinCAT OS (ARMT2)
		{E795753E-E9C2-4F21-A92B-75C5F9586351}.Release|TwinCAT OS (ARMT2).Build.0 = Release|TwinCAT OS (ARMT2)
		{E795753E-E9C2-4F21-A92B-75C5F9586351}.Release|TwinCAT OS (x64).ActiveCfg = Release|TwinCAT OS (ARMT2)
		{E795753E-E9C2-4F21-A92B-75C5F9586351}.Release|TwinCAT RT (x64).ActiveCfg = Release|TwinCAT RT (x64)
		{E795753E-E9C2-4F21-A92B-75C5F9586351}.Release|TwinCAT RT (x64).Build.0 = Release|TwinCAT RT (x64)
		{E795753E-E9C2-4F21-A92B-75C5F9586351}.Release|TwinCAT RT (x86).ActiveCfg = Release|TwinCAT RT (x86)
		{E795753E-E9C2-4F21-A92B-75C5F9586351}.Release|TwinCAT RT (x86).Build.0 = Release|TwinCAT RT (x86)
		{D0A732CD-BAB0-4BAA-B2D5-930CCC116065}.Debug|TwinCAT CE7 (ARMV7).ActiveCfg = Debug|TwinCAT CE7 (ARMV7)
		{D0A732CD-BAB0-4BAA-B2D5-930CCC116065}.Debug|TwinCAT CE7 (ARMV7).Build.0 = Debug|TwinCAT CE7 (ARMV7)
		{D0A732CD-BAB0-4BAA-B2D5-930CCC116065}.Debug|TwinCAT OS (ARMT2).ActiveCfg = Debug|TwinCAT OS (ARMT2)
		{D0A732CD-BAB0-4BAA-B2D5-930CCC116065}.Debug|TwinCAT OS (ARMT2).Build.0 = Debug|TwinCAT OS (ARMT2)
		{D0A732CD-BAB0-4BAA-B2D5-930CCC116065}.Debug|TwinCAT OS (x64).ActiveCfg = Debug|TwinCAT OS (ARMT2)
		{D0A732CD-BAB0-4BAA-B2D5-930CCC116065}.Debug|TwinCAT RT (x64).ActiveCfg = Debug|TwinCAT RT (x64)
		{D0A732CD-BAB0-4BAA-B2D5-930CCC116065}.Debug|TwinCAT RT (x64).Build.0 = Debug|TwinCAT RT (x64)
		{D0A732CD-BAB0-4BAA-B2D5-930CCC116065}.Debug|TwinCAT RT (x86).ActiveCfg = Debug|TwinCAT RT (x86)
		{D0A732CD-BAB0-4BAA-B2D5-930CCC116065}.Debug|TwinCAT RT (x86).Build.0 = Debug|TwinCAT RT (x86)
		{D0A732CD-BAB0-4BAA-B2D5-930CCC116065}.Release|TwinCAT CE7 (ARMV7).ActiveCfg = Release|TwinCAT CE7 (ARMV7)
		{D0A732CD-BAB0-4BAA-B2D5-930CCC116065}.Release|TwinCAT CE7 (ARMV7).Build.0 = Release|TwinCAT CE7 (ARMV7)
		{D0A732CD-BAB0-4BAA-B2D5-930CCC116065}.Release|TwinCAT OS (ARMT2).ActiveCfg = Release|TwinCAT OS (ARMT2)
		{D0A732CD-BAB0-4BAA-B2D5-930CCC116065}.Release|TwinCAT OS (ARMT2).Build.0 = Release|TwinCAT OS (ARMT2)
		{D0A732CD-BAB0-4BAA-B2D5-930CCC116065}.Release|TwinCAT OS (x64).ActiveCfg = Release|TwinCAT OS (ARMT2)
		{D0A732CD-BAB0-4BAA-B2D5-930CCC116065}.Release|TwinCAT RT (x64).ActiveCfg = Release|TwinCAT RT (x64)
		{D0A732CD-BAB0-4BAA-B2D5-930CCC116065}.Release|TwinCAT RT (x64).Build.0 = Release|TwinCAT RT (x64)
		{D0A732CD-BAB0-4BAA-B2D5-930CCC116065}.Release|TwinCAT RT (x86).ActiveCfg = Release|TwinCAT RT (x86)
		{D0A732CD-BAB0-4BAA-B2D5-930CCC116065}.Release|TwinCAT RT (x86).Build.0 = Release|TwinCAT RT (x86)
		{1E66E178-15D9-4A88-8984-1A654B62B7DD}.Debug|TwinCAT CE7 (ARMV7).ActiveCfg = Debug|TwinCAT CE7 (ARMV7)
		{1E66E178-15D9-4A88-8984-1A654B62B7DD}.Debug|TwinCAT CE7 (ARMV7).Build.0 = Debug|TwinCAT CE7 (ARMV7)
		{1E66E178-15D9-4A88-8984-1A654B62B7DD}.Debug|TwinCAT OS (ARMT2).ActiveCfg = Debug|TwinCAT OS (ARMT2)
		{1E66E178-15D9-4A88-8984-1A654B62B7DD}.Debug|TwinCAT OS (ARMT2).Build.0 = Debug|TwinCAT OS (ARMT2)
		{1E66E178-15D9-4A88-8984-1A654B62B7DD}.Debug|TwinCAT OS (x64).ActiveCfg = Debug|TwinCAT OS (ARMT2)
		{1E66E178-15D9-4A88-8984-1A654B62B7DD}.Debug|TwinCAT RT (x64).ActiveCfg = Debug|TwinCAT RT (x64)
		{1E66E178-15D9-4A88-8984-1A654B62B7DD}.Debug|TwinCAT RT (x64).Build.0 = Debug|TwinCAT RT (x64)
		{1E66E178-15D9-4A88-8984-1A654B62B7DD}.Debug|TwinCAT RT (x86).ActiveCfg = Debug|TwinCAT RT (x86)
		{1E66E178-15D9-4A88-8984-1A654B62B7DD}.Debug|TwinCAT RT (x86).Build.0 = Debug|TwinCAT RT (x86)
		{1E66E178-15D9-4A88-8984-1A654B62B7DD}.Release|TwinCAT CE7 (ARMV7).ActiveCfg = Release|TwinCAT CE7 (ARMV7)
		{1E66E178-15D9-4A88-8984-1A654B62B7DD}.Release|TwinCAT CE7 (ARMV7).Build.0 = Release|TwinCAT CE7 (ARMV7)
		{1E66E178-15D9-4A88-8984-1A654B62B7DD}.Release|TwinCAT OS (ARMT2).ActiveCfg = Release|TwinCAT OS (ARMT2)
		{1E66E178-15D9-4A88-8984-1A654B62B7DD}.Release|TwinCAT OS (ARMT2).Build.0 = Release|TwinCAT OS (ARMT2)
		{1E66E178-15D9-4A88-8984-1A654B62B7DD}.Release|TwinCAT OS (x64).ActiveCfg = Release|TwinCAT OS (ARMT2)
		{1E66E178-15D9-4A88-8984-1A654B62B7DD}.Release|TwinCAT RT (x64).ActiveCfg = Release|TwinCAT RT (x64)
		{1E66E178-15D9-4A88-8984-1A654B62B7DD}.Release|TwinCAT RT (x64).Build.0 = Release|TwinCAT RT (x64)
		{1E66E178-15D9-4A88-8984-1A654B62B7DD}.Release|TwinCAT RT (x86).ActiveCfg = Release|TwinCAT RT (x86)
		{1E66E178-15D9-4A88-8984-1A654B62B7DD}.Release|TwinCAT RT (x86).Build.0 = Release|TwinCAT RT (x86)
		{37A8859C-75E5-445A-AD58-36D4493673EC}.Debug|TwinCAT CE7 (ARMV7).ActiveCfg = Debug|TwinCAT CE7 (ARMV7)
		{37A8859C-75E5-445A-AD58-36D4493673EC}.Debug|TwinCAT CE7 (ARMV7).Build.0 = Debug|TwinCAT CE7 (ARMV7)
		{37A8859C-75E5-445A-AD58-36D4493673EC}.Debug|TwinCAT OS (ARMT2).ActiveCfg = Debug|TwinCAT OS (ARMT2)
		{37A8859C-75E5-445A-AD58-36D4493673EC}.Debug|TwinCAT OS (ARMT2).Build.0 = Debug|TwinCAT OS (ARMT2)
		{37A8859C-75E5-445A-AD58-36D4493673EC}.Debug|TwinCAT OS (x64).ActiveCfg = Debug|TwinCAT OS (ARMT2)
		{37A8859C-75E5-445A-AD58-36D4493673EC}.Debug|TwinCAT RT (x64).ActiveCfg = Debug|TwinCAT RT (x64)
		{37A8859C-75E5-445A-AD58-36D4493673EC}.Debug|TwinCAT RT (x64).Build.0 = Debug|TwinCAT RT (x64)
		{37A8859C-75E5-445A-AD58-36D4493673EC}.Debug|TwinCAT RT (x86).ActiveCfg = Debug|TwinCAT RT (x86)
		{37A8859C-75E5-445A-AD58-36D4493673EC}.Debug|TwinCAT RT (x86).Build.0 = Debug|TwinCAT RT (x86)
		{37A8859C-75E5-445A-AD58-36D4493673EC}.Release|TwinCAT CE7 (ARMV7).ActiveCfg = Release|TwinCAT CE7 (ARMV7)
		{37A8859C-75E5-445A-AD58-36D4493673EC}.Release|TwinCAT CE7 (ARMV7).Build.0 = Release|TwinCAT CE7 (ARMV7)
		{37A8859C-75E5-445A-AD58-36D4493673EC}.Release|TwinCAT OS (ARMT2).ActiveCfg = Release|TwinCAT OS (ARMT2)
		{37A8859C-75E5-445A-AD58-36D4493673EC}.Release|TwinCAT OS (ARMT2).Build.0 = Release|TwinCAT OS (ARMT2)
		{37A8859C-75E5-445A-AD58-36D4493673EC}.Release|TwinCAT OS (x64).ActiveCfg = Release|TwinCAT OS (ARMT2)
		{37A8859C-75E5-445A-AD58-36D4493673EC}.Release|TwinCAT RT (x64).ActiveCfg = Release|TwinCAT RT (x64)
		{37A8859C-75E5-445A-AD58-36D4493673EC}.Release|TwinCAT RT (x64).Build.0 = Release|TwinCAT RT (x64)
		{37A8859C-75E5-445A-AD58-36D4493673EC}.Release|TwinCAT RT (x86).ActiveCfg = Release|TwinCAT RT (x86)
		{37A8859C-75E5-445A-AD58-36D4493673EC}.Release|TwinCAT RT (x86).Build.0 = Release|TwinCAT RT (x86)
		{5C8701B8-EA7D-4D38-857B-28449CB66581}.Debug|TwinCAT CE7 (ARMV7).ActiveCfg = Debug|TwinCAT CE7 (ARMV7)
		{5C8701B8-EA7D-4D38-857B-28449CB66581}.Debug|TwinCAT CE7 (ARMV7).Build.0 = Debug|TwinCAT CE7 (ARMV7)
		{5C8701B8-EA7D-4D38-857B-28449CB66581}.Debug|TwinCAT OS (ARMT2).ActiveCfg = Debug|TwinCAT OS (ARMT2)
		{5C8701B8-EA7D-4D38-857B-28449CB66581}.Debug|TwinCAT OS (ARMT2).Build.0 = Debug|TwinCAT OS (ARMT2)
		{5C8701B8-EA7D-4D38-857B-28449CB66581}.Debug|TwinCAT OS (x64).ActiveCfg = Debug|TwinCAT OS (ARMT2)
		{5C8701B8-EA7D-4D38-857B-28449CB66581}.Debug|TwinCAT RT (x64).ActiveCfg = Debug|TwinCAT RT (x64)
		{5C8701B8-EA7D-4D38-857B-28449CB66581}.Debug|TwinCAT RT (x64).Build.0 = Debug|TwinCAT RT (x64)
		{5C8701B8-EA7D-4D38-857B-28449CB66581}.Debug|TwinCAT RT (x86).ActiveCfg = Debug|TwinCAT RT (x86)
		{5C8701B8-EA7D-4D38-857B-28449CB66581}.Debug|TwinCAT RT (x86).Build.0 = Debug|TwinCAT RT (x86)
		{5C8701B8-EA7D-4D38-857B-28449CB66581}.Release|TwinCAT CE7 (ARMV7).ActiveCfg = Release|TwinCAT CE7 (ARMV7)
		{5C8701B8-EA7D-4D38-857B-28449CB66581}.Release|TwinCAT CE7 (ARMV7).Build.0 = Release|TwinCAT CE7 (ARMV7)
		{5C8701B8-EA7D-4D38-857B-28449CB66581}.Release|TwinCAT OS (ARMT2).ActiveCfg = Release|TwinCAT OS (ARMT2)
		{5C8701B8-EA7D-4D38-857B-28449CB66581}.Release|TwinCAT OS (ARMT2).Build.0 = Release|TwinCAT OS (ARMT2)
		{5C8701B8-EA7D-4D38-857B-28449CB66581}.Release|TwinCAT OS (x64).ActiveCfg = Release|TwinCAT OS (ARMT2)
		{5C8701B8-EA7D-4D38-857B-28449CB66581}.Release|TwinCAT RT (x64).ActiveCfg = Release|TwinCAT RT (x64)
		{5C8701B8-EA7D-4D38-857B-28449CB66581}.Release|TwinCAT RT (x64).Build.0 = Release|TwinCAT RT (x64)
		{5C8701B8-EA7D-4D38-857B-28449CB66581}.Release|TwinCAT RT (x86).ActiveCfg = Release|TwinCAT RT (x86)
		{5C8701B8-EA7D-4D38-857B-28449CB66581}.Release|TwinCAT RT (x86).Build.0 = Release|TwinCAT RT (x86)
		{B3D6A0A7-ED84-48E6-9198-62ECEAD74FE7}.Debug|TwinCAT CE7 (ARMV7).ActiveCfg = Debug|TwinCAT CE7 (ARMV7)
		{B3D6A0A7-ED84-48E6-9198-62ECEAD74FE7}.Debug|TwinCAT CE7 (ARMV7).Build.0 = Debug|TwinCAT CE7 (ARMV7)
		{B3D6A0A7-ED84-48E6-9198-62ECEAD74FE7}.Debug|TwinCAT OS (ARMT2).ActiveCfg = Debug|TwinCAT OS (ARMT2)
		{B3D6A0A7-ED84-48E6-9198-62ECEAD74FE7}.Debug|TwinCAT OS (ARMT2).Build.0 = Debug|TwinCAT OS (ARMT2)
		{B3D6A0A7-ED84-48E6-9198-62ECEAD74FE7}.Debug|TwinCAT OS (x64).ActiveCfg = Debug|TwinCAT OS (ARMT2)
		{B3D6A0A7-ED84-48E6-9198-62ECEAD74FE7}.Debug|TwinCAT RT (x64).ActiveCfg = Debug|TwinCAT RT (x64)
		{B3D6A0A7-ED84-48E6-9198-62ECEAD74FE7}.Debug|TwinCAT RT (x64).Build.0 = Debug|TwinCAT RT (x64)
		{B3D6A0A7-ED84-48E6-9198-62ECEAD74FE7}.Debug|TwinCAT RT (x86).ActiveCfg = Debug|TwinCAT RT (x86)
		{B3D6A0A7-ED84-48E6-9198-62ECEAD74FE7}.Debug|TwinCAT RT (x86).Build.0 = Debug|TwinCAT RT (x86)
		{B3D6A0A7-ED84-48E6-9198-62ECEAD74FE7}.Release|TwinCAT CE7 (ARMV7).ActiveCfg = Release|TwinCAT CE7 (ARMV7)
		{B3D6A0A7-ED84-48E6-9198-62ECEAD74FE7}.Release|TwinCAT CE7 (ARMV7).Build.0 = Release|TwinCAT CE7 (ARMV7)
		{B3D6A0A7-ED84-48E6-9198-62ECEAD74FE7}.Release|TwinCAT OS (ARMT2).ActiveCfg = Release|TwinCAT OS (ARMT2)
		{B3D6A0A7-ED84-48E6-9198-62ECEAD74FE7}.Release|TwinCAT OS (ARMT2).Build.0 = Release|TwinCAT OS (ARMT2)
		{B3D6A0A7-ED84-48E6-9198-62ECEAD74FE7}.Release|TwinCAT OS (x64).ActiveCfg = Release|TwinCAT OS (ARMT2)
		{B3D6A0A7-ED84-48E6-9198-62ECEAD74FE7}.Release|TwinCAT RT (x64).ActiveCfg = Release|TwinCAT RT (x64)
		{B3D6A0A7-ED84-48E6-9198-62ECEAD74FE7}.Release|TwinCAT RT (x64).Build.0 = Release|TwinCAT RT (x64)
		{B3D6A0A7-ED84-48E6-9198-62ECEAD74FE7}.Release|TwinCAT RT (x86).ActiveCfg = Release|TwinCAT RT (x86)
		{B3D6A0A7-ED84-48E6-9198-62ECEAD74FE7}.Release|TwinCAT RT (x86).Build.0 = Release|TwinCAT RT (x86)
		{C0F9F880-9FD3-4B7E-9F99-87ED96BC0B7B}.Debug|TwinCAT CE7 (ARMV7).ActiveCfg = Debug|TwinCAT CE7 (ARMV7)
		{C0F9F880-9FD3-4B7E-9F99-87ED96BC0B7B}.Debug|TwinCAT CE7 (ARMV7).Build.0 = Debug|TwinCAT CE7 (ARMV7)
		{C0F9F880-9FD3-4B7E-9F99-87ED96BC0B7B}.Debug|TwinCAT OS (ARMT2).ActiveCfg = Debug|TwinCAT OS (ARMT2)
		{C0F9F880-9FD3-4B7E-9F99-87ED96BC0B7B}.Debug|TwinCAT OS (ARMT2).Build.0 = Debug|TwinCAT OS (ARMT2)
		{C0F9F880-9FD3-4B7E-9F99-87ED96BC0B7B}.Debug|TwinCAT OS (x64).ActiveCfg = Debug|TwinCAT OS (ARMT2)
		{C0F9F880-9FD3-4B7E-9F99-87ED96BC0B7B}.Debug|TwinCAT RT (x64).ActiveCfg = Debug|TwinCAT RT (x64)
		{C0F9F880-9FD3-4B7E-9F99-87ED96BC0B7B}.Debug|TwinCAT RT (x64).Build.0 = Debug|TwinCAT RT (x64)
		{C0F9F880-9FD3-4B7E-9F99-87ED96BC0B7B}.Debug|TwinCAT RT (x86).ActiveCfg = Debug|TwinCAT RT (x86)
		{C0F9F880-9FD3-4B7E-9F99-87ED96BC0B7B}.Debug|TwinCAT RT (x86).Build.0 = Debug|TwinCAT RT (x86)
		{C0F9F880-9FD3-4B7E-9F99-87ED96BC0B7B}.Release|TwinCAT CE7 (ARMV7).ActiveCfg = Release|TwinCAT CE7 (ARMV7)
		{C0F9F880-9FD3-4B7E-9F99-87ED96BC0B7B}.Release|TwinCAT CE7 (ARMV7).Build.0 = Release|TwinCAT CE7 (ARMV7)
		{C0F9F880-9FD3-4B7E-9F99-87ED96BC0B7B}.Release|TwinCAT OS (ARMT2).ActiveCfg = Release|TwinCAT OS (ARMT2)
		{C0F9F880-9FD3-4B7E-9F99-87ED96BC0B7B}.Release|TwinCAT OS (ARMT2).Build.0 = Release|TwinCAT OS (ARMT2)
		{C0F9F880-9FD3-4B7E-9F99-87ED96BC0B7B}.Release|TwinCAT OS (x64).ActiveCfg = Release|TwinCAT OS (ARMT2)
		{C0F9F880-9FD3-4B7E-9F99-87ED96BC0B7B}.Release|TwinCAT RT (x64).ActiveCfg = Release|TwinCAT RT (x64)
		{C0F9F880-9FD3-4B7E-9F99-87ED96BC0B7B}.Release|TwinCAT RT (x64).Build.0 = Release|TwinCAT RT (x64)
		{C0F9F880-9FD3-4B7E-9F99-87ED96BC0B7B}.Release|TwinCAT RT (x86).ActiveCfg = Release|TwinCAT RT (x86)
		{C0F9F880-9FD3-4B7E-9F99-87ED96BC0B7B}.Release|TwinCAT RT (x86).Build.0 = Release|TwinCAT RT (x86)
		{CDF21F3B-BD26-40CF-9CAD-C539CFE2BEE0}.Debug|TwinCAT CE7 (ARMV7).ActiveCfg = Debug|TwinCAT CE7 (ARMV7)
		{CDF21F3B-BD26-40CF-9CAD-C539CFE2BEE0}.Debug|TwinCAT CE7 (ARMV7).Build.0 = Debug|TwinCAT CE7 (ARMV7)
		{CDF21F3B-BD26-40CF-9CAD-C539CFE2BEE0}.Debug|TwinCAT OS (ARMT2).ActiveCfg = Debug|TwinCAT OS (ARMT2)
		{CDF21F3B-BD26-40CF-9CAD-C539CFE2BEE0}.Debug|TwinCAT OS (ARMT2).Build.0 = Debug|TwinCAT OS (ARMT2)
		{CDF21F3B-BD26-40CF-9CAD-C539CFE2BEE0}.Debug|TwinCAT OS (x64).ActiveCfg = Debug|TwinCAT OS (ARMT2)
		{CDF21F3B-BD26-40CF-9CAD-C539CFE2BEE0}.Debug|TwinCAT RT (x64).ActiveCfg = Debug|TwinCAT RT (x64)
		{CDF21F3B-BD26-40CF-9CAD-C539CFE2BEE0}.Debug|TwinCAT RT (x64).Build.0 = Debug|TwinCAT RT (x64)
		{CDF21F3B-BD26-40CF-9CAD-C539CFE2BEE0}.Debug|TwinCAT RT (x86).ActiveCfg = Debug|TwinCAT RT (x86)
		{CDF21F3B-BD26-40CF-9CAD-C539CFE2BEE0}.Debug|TwinCAT RT (x86).Build.0 = Debug|TwinCAT RT (x86)
		{CDF21F3B-BD26-40CF-9CAD-C539CFE2BEE0}.Release|TwinCAT CE7 (ARMV7).ActiveCfg = Release|TwinCAT CE7 (ARMV7)
		{CDF21F3B-BD26-40CF-9CAD-C539CFE2BEE0}.Release|TwinCAT CE7 (ARMV7).Build.0 = Release|TwinCAT CE7 (ARMV7)
		{CDF21F3B-BD26-40CF-9CAD-C539CFE2BEE0}.Release|TwinCAT OS (ARMT2).ActiveCfg = Release|TwinCAT OS (ARMT2)
		{CDF21F3B-BD26-40CF-9CAD-C539CFE2BEE0}.Release|TwinCAT OS (ARMT2).Build.0 = Release|TwinCAT OS (ARMT2)
		{CDF21F3B-BD26-40CF-9CAD-C539CFE2BEE0}.Release|TwinCAT OS (x64).ActiveCfg = Release|TwinCAT OS (ARMT2)
		{CDF21F3B-BD26-40CF-9CAD-C539CFE2BEE0}.Release|TwinCAT RT (x64).ActiveCfg = Release|TwinCAT RT (x64)
		{CDF21F3B-BD26-40CF-9CAD-C539CFE2BEE0}.Release|TwinCAT RT (x64).Build.0 = Release|TwinCAT RT (x64)
		{CDF21F3B-BD26-40CF-9CAD-C539CFE2BEE0}.Release|TwinCAT RT (x86).ActiveCfg = Release|TwinCAT RT (x86)
		{CDF21F3B-BD26-40CF-9CAD-C539CFE2BEE0}.Release|TwinCAT RT (x86).Build.0 = Release|TwinCAT RT (x86)
		{F0805246-0AA6-47FE-8B87-912C50923AED}.Debug|TwinCAT CE7 (ARMV7).ActiveCfg = Debug|TwinCAT CE7 (ARMV7)
		{F0805246-0AA6-47FE-8B87-912C50923AED}.Debug|TwinCAT CE7 (ARMV7).Build.0 = Debug|TwinCAT CE7 (ARMV7)
		{F0805246-0AA6-47FE-8B87-912C50923AED}.Debug|TwinCAT OS (ARMT2).ActiveCfg = Debug|TwinCAT OS (ARMT2)
		{F0805246-0AA6-47FE-8B87-912C50923AED}.Debug|TwinCAT OS (ARMT2).Build.0 = Debug|TwinCAT OS (ARMT2)
		{F0805246-0AA6-47FE-8B87-912C50923AED}.Debug|TwinCAT OS (x64).ActiveCfg = Debug|TwinCAT OS (ARMT2)
		{F0805246-0AA6-47FE-8B87-912C50923AED}.Debug|TwinCAT RT (x64).ActiveCfg = Debug|TwinCAT RT (x64)
		{F0805246-0AA6-47FE-8B87-912C50923AED}.Debug|TwinCAT RT (x64).Build.0 = Debug|TwinCAT RT (x64)
		{F0805246-0AA6-47FE-8B87-912C50923AED}.Debug|TwinCAT RT (x86).ActiveCfg = Debug|TwinCAT RT (x86)
		{F0805246-0AA6-47FE-8B87-912C50923AED}.Debug|TwinCAT RT (x86).Build.0 = Debug|TwinCAT RT (x86)
		{F0805246-0AA6-47FE-8B87-912C50923AED}.Release|TwinCAT CE7 (ARMV7).ActiveCfg = Release|TwinCAT CE7 (ARMV7)
		{F0805246-0AA6-47FE-8B87-912C50923AED}.Release|TwinCAT CE7 (ARMV7).Build.0 = Release|TwinCAT CE7 (ARMV7)
		{F0805246-0AA6-47FE-8B87-912C50923AED}.Release|TwinCAT OS (ARMT2).ActiveCfg = Release|TwinCAT OS (ARMT2)
		{F0805246-0AA6-47FE-8B87-912C50923AED}.Release|TwinCAT OS (ARMT2).Build.0 = Release|TwinCAT OS (ARMT2)
		{F0805246-0AA6-47FE-8B87-912C50923AED}.Release|TwinCAT OS (x64).ActiveCfg = Release|TwinCAT OS (ARMT2)
		{F0805246-0AA6-47FE-8B87-912C50923AED}.Release|TwinCAT RT (x64).ActiveCfg = Release|TwinCAT RT (x64)
		{F0805246-0AA6-47FE-8B87-912C50923AED}.Release|TwinCAT RT (x64).Build.0 = Release|TwinCAT RT (x64)
		{F0805246-0AA6-47FE-8B87-912C50923AED}.Release|TwinCAT RT (x86).ActiveCfg = Release|TwinCAT RT (x86)
		{F0805246-0AA6-47FE-8B87-912C50923AED}.Release|TwinCAT RT (x86).Build.0 = Release|TwinCAT RT (x86)
		{001F577D-28D8-4369-A3AB-C53382C89EDD}.Debug|TwinCAT CE7 (ARMV7).ActiveCfg = Debug|TwinCAT CE7 (ARMV7)
		{001F577D-28D8-4369-A3AB-C53382C89EDD}.Debug|TwinCAT OS (ARMT2).ActiveCfg = Debug|TwinCAT OS (ARMT2)
		{001F577D-28D8-4369-A3AB-C53382C89EDD}.Debug|TwinCAT OS (x64).ActiveCfg = Debug|TwinCAT OS (x64)
		{001F577D-28D8-4369-A3AB-C53382C89EDD}.Debug|TwinCAT RT (x64).ActiveCfg = Debug|TwinCAT RT (x64)
		{001F577D-28D8-4369-A3AB-C53382C89EDD}.Debug|TwinCAT RT (x86).ActiveCfg = Debug|TwinCAT RT (x86)
		{001F577D-28D8-4369-A3AB-C53382C89EDD}.Release|TwinCAT CE7 (ARMV7).ActiveCfg = Release|TwinCAT CE7 (ARMV7)
		{001F577D-28D8-4369-A3AB-C53382C89EDD}.Release|TwinCAT OS (ARMT2).ActiveCfg = Release|TwinCAT OS (ARMT2)
		{001F577D-28D8-4369-A3AB-C53382C89EDD}.Release|TwinCAT OS (x64).ActiveCfg = Release|TwinCAT OS (x64)
		{001F577D-28D8-4369-A3AB-C53382C89EDD}.Release|TwinCAT RT (x64).ActiveCfg = Release|TwinCAT RT (x64)
		{001F577D-28D8-4369-A3AB-C53382C89EDD}.Release|TwinCAT RT (x86).ActiveCfg = Release|TwinCAT RT (x86)
	EndGlobalSection
	GlobalSection(SolutionProperties) = preSolution
		HideSolutionNode = FALSE
	EndGlobalSection
	GlobalSection(ExtensibilityGlobals) = postSolution
		SolutionGuid = {81E86D3D-9273-4EDA-93DE-CE270A9F909F}
	EndGlobalSection
EndGlobal
